// !$*UTF8*$!
{
	archiveVersion = 1;
	classes = {
	};
	objectVersion = 46;
	objects = {

/* Begin PBXBuildFile section */
		BB84968F1D3F74820093606A /* Assets.xcassets in Resources */ = {isa = PBXBuildFile; fileRef = BB84968E1D3F74820093606A /* Assets.xcassets */; };
		BB8496921D3F74820093606A /* LaunchScreen.storyboard in Resources */ = {isa = PBXBuildFile; fileRef = BB8496901D3F74820093606A /* LaunchScreen.storyboard */; };
		BB84969D1D3F74820093606A /* secTests.swift in Sources */ = {isa = PBXBuildFile; fileRef = BB84969C1D3F74820093606A /* secTests.swift */; };
		BB8496A81D3F74820093606A /* secUITests.swift in Sources */ = {isa = PBXBuildFile; fileRef = BB8496A71D3F74820093606A /* secUITests.swift */; };		
		15A140418758D3232CE24BE9 /* ClientsDetailViewController.swift in Sources */ = {isa = PBXBuildFile; fileRef = 67D140048F7FB61868FADF98 /* ClientsDetailViewController.swift */; };
		124A42FBB799D4D371994C23 /* ClientsFilterViewController.swift in Sources */ = {isa = PBXBuildFile; fileRef = 09D4459D968BA7C2CE6D024D /* ClientsFilterViewController.swift */; };
		8ADB48A5AC7D5E471B55F00E /* ClientsFormViewController.swift in Sources */ = {isa = PBXBuildFile; fileRef = 5566460D8D27E10BEA4C92D7 /* ClientsFormViewController.swift */; };
		A01F432DBE0EC30FB7B62589 /* ClientsViewController.swift in Sources */ = {isa = PBXBuildFile; fileRef = B9734A55BDB612A61EE7CFA7 /* ClientsViewController.swift */; };
		7AA54D7BAA39688BBB8B248A /* DriversDetailViewController.swift in Sources */ = {isa = PBXBuildFile; fileRef = FC9E46D0A0F23D0904960431 /* DriversDetailViewController.swift */; };
		8FB0420E8562A0740CD91321 /* DriversFilterViewController.swift in Sources */ = {isa = PBXBuildFile; fileRef = 52234F25A791B68B914BF936 /* DriversFilterViewController.swift */; };
		4FA74C9095324C9D1E213AF5 /* DriversFormViewController.swift in Sources */ = {isa = PBXBuildFile; fileRef = 2631493EB87FCD7714156EC9 /* DriversFormViewController.swift */; };
		B1204919995B550559BE751B /* DriversViewController.swift in Sources */ = {isa = PBXBuildFile; fileRef = 26ED4C8795B750E95692EFD9 /* DriversViewController.swift */; };
		6475467E97126A2FA7CEA111 /* LogisticsViewController.swift in Sources */ = {isa = PBXBuildFile; fileRef = 7CA1464CA8AA6B0438049C2E /* LogisticsViewController.swift */; };
		2BAE49AC82A96681CC4466ED /* MainMenuViewController.swift in Sources */ = {isa = PBXBuildFile; fileRef = 85D84AB8B61CC30909472958 /* MainMenuViewController.swift */; };
		BF8F49E39BA010042BF75BF0 /* ShipmentsDetailViewController.swift in Sources */ = {isa = PBXBuildFile; fileRef = 6C714F06B3A9B5A31528356C /* ShipmentsDetailViewController.swift */; };
		007144EABD0E5BB33F5209CF /* ShipmentsFilterViewController.swift in Sources */ = {isa = PBXBuildFile; fileRef = 5E264F46863C25C2D48A5049 /* ShipmentsFilterViewController.swift */; };
		12904A8CB9BEAB15CC53968E /* ShipmentsFormViewController.swift in Sources */ = {isa = PBXBuildFile; fileRef = 9C9441238D431C2CBBDCF772 /* ShipmentsFormViewController.swift */; };
		B2484DA294EADD3810991562 /* ShipmentsViewController.swift in Sources */ = {isa = PBXBuildFile; fileRef = 12464B53B1782F168F9C5369 /* ShipmentsViewController.swift */; };
		FE7741B5A4EDAF72C959D3CF /* VehiclesDetailViewController.swift in Sources */ = {isa = PBXBuildFile; fileRef = FCE54D8881A1DD5FA72C563D /* VehiclesDetailViewController.swift */; };
		A92947CA83405AD319CBCF58 /* VehiclesFilterViewController.swift in Sources */ = {isa = PBXBuildFile; fileRef = 9496456C95820FE5B940F776 /* VehiclesFilterViewController.swift */; };
		C4FD4C48AD565092FC150AF1 /* VehiclesFormViewController.swift in Sources */ = {isa = PBXBuildFile; fileRef = BDC941869C46B1FCD057A590 /* VehiclesFormViewController.swift */; };
		0748401F90E66F371DFCC05F /* VehiclesViewController.swift in Sources */ = {isa = PBXBuildFile; fileRef = BB5C44F78CCEB5A3E703770B /* VehiclesViewController.swift */; };
		A05C4A6E83BF95EAD7740606 /* DatasourceConfig.swift in Sources */ = {isa = PBXBuildFile; fileRef = A6DC45B5BA989B4DB22615FD /* DatasourceConfig.swift */; };
		68B5477DBDF8EC82807A516D /* DatasourceManager.swift in Sources */ = {isa = PBXBuildFile; fileRef = 093240709D957892B0693556 /* DatasourceManager.swift */; };
		8CF64DB68842C6831DB5253F /* ClientsDSItem.swift in Sources */ = {isa = PBXBuildFile; fileRef = 8D2A418A830717B25B46F63C /* ClientsDSItem.swift */; };
		92AA40758D3A12FFAC6E4145 /* DashboardDSItem.swift in Sources */ = {isa = PBXBuildFile; fileRef = F72E4A2EA7830D4E3F78B34F /* DashboardDSItem.swift */; };
		430F4AA5BD37E97C821280EE /* DriversScreen1DSItem.swift in Sources */ = {isa = PBXBuildFile; fileRef = 211645408B33FE1694D69271 /* DriversScreen1DSItem.swift */; };
		0ABE4B6183A547D0CBEB9077 /* ShipmentsDSItem.swift in Sources */ = {isa = PBXBuildFile; fileRef = C0AF4918AA3A30EC6872F980 /* ShipmentsDSItem.swift */; };
		C0CF4CF79D78BB5F70828CA9 /* VehiclesDSItem.swift in Sources */ = {isa = PBXBuildFile; fileRef = A2AD41019F33B9ABB5702259 /* VehiclesDSItem.swift */; };
		CD094579BECC2A7F7E4267AC /* Action.swift in Sources */ = {isa = PBXBuildFile; fileRef = 18D2489D9B056B9176F1578E /* Action.swift */; };
		02624D6588CCDBD722F3BA19 /* LinkAction.swift in Sources */ = {isa = PBXBuildFile; fileRef = 072E44E5A8382207EC347311 /* LinkAction.swift */; };
		877B47C3880F3ED23B20357B /* MailAction.swift in Sources */ = {isa = PBXBuildFile; fileRef = 39CA4991B963FCDEEC626B38 /* MailAction.swift */; };
		63A54E9A8EA27EF5C5A91F46 /* MapAction.swift in Sources */ = {isa = PBXBuildFile; fileRef = 08704E53A73E96D1DFF7498E /* MapAction.swift */; };
		259A4C99A6575909D807FFE6 /* NavigationAction.swift in Sources */ = {isa = PBXBuildFile; fileRef = 0FE644B68168279CFD69165D /* NavigationAction.swift */; };
		4C2B4C48B055BAD7FF7F0676 /* NavigationPushAction.swift in Sources */ = {isa = PBXBuildFile; fileRef = 1B0244FEB7F597067B194E8F /* NavigationPushAction.swift */; };
		0F7A4A64A7C0041D98C258B1 /* PhoneAction.swift in Sources */ = {isa = PBXBuildFile; fileRef = 21E045EBA8AD61BF5085AFDF /* PhoneAction.swift */; };
		C0F54AB5A5D64A57A1427979 /* SlidingAction.swift in Sources */ = {isa = PBXBuildFile; fileRef = B8FF4B5A9D26A6B989E47B45 /* SlidingAction.swift */; };
		F78E44D7AFA4750FD7A7B3D0 /* UriAction.swift in Sources */ = {isa = PBXBuildFile; fileRef = B71D47F1AB8E277D570CE2C1 /* UriAction.swift */; };
		A84D4DE18636D34EF6ED647F /* Analytics.swift in Sources */ = {isa = PBXBuildFile; fileRef = C5EA4684A08508658D7B6EB9 /* Analytics.swift */; };
		246443CE9561615DD2D34AE7 /* AnalyticsManager.swift in Sources */ = {isa = PBXBuildFile; fileRef = 3FDD4224AE724F44A74D432B /* AnalyticsManager.swift */; };
		717344009A12C6A84AB78891 /* Logger.swift in Sources */ = {isa = PBXBuildFile; fileRef = CC0E4025B4FD6DCA9417581B /* Logger.swift */; };
		68724EE5B3DD006DCF662E62 /* LoggerLevel.swift in Sources */ = {isa = PBXBuildFile; fileRef = C0794285B46C63CE9EE29E90 /* LoggerLevel.swift */; };
		17874A129A9F98C93BF7FD1F /* Behavior.swift in Sources */ = {isa = PBXBuildFile; fileRef = 920640E4AABF504E75AEACB5 /* Behavior.swift */; };
		0B9C4A75AB988BA57F3C0284 /* CreateBehavior.swift in Sources */ = {isa = PBXBuildFile; fileRef = 08E547C791210C8C693D0646 /* CreateBehavior.swift */; };
		70BB4333A7C3DE75F2B8D4E3 /* FilterBehavior.swift in Sources */ = {isa = PBXBuildFile; fileRef = 71E14033AD6DBBFE9F20D111 /* FilterBehavior.swift */; };
		7B0E453C8EE6001167BC5A48 /* SearchBehavior.swift in Sources */ = {isa = PBXBuildFile; fileRef = F09D4B72BA633682BA8699A4 /* SearchBehavior.swift */; };
		016945A9A6FEB96191198C87 /* UpdateBehavior.swift in Sources */ = {isa = PBXBuildFile; fileRef = 794E4B9DB6E7F73238628366 /* UpdateBehavior.swift */; };
		F4374B51A60417E850D25AE0 /* DeleteBehavior.swift in Sources */ = {isa = PBXBuildFile; fileRef = 4D4A422CA4080BF9A61794D0 /* DeleteBehavior.swift */; };
		A42845ACBF7A045C2098589C /* ShareBehavior.swift in Sources */ = {isa = PBXBuildFile; fileRef = 7AA84A2FA3B192F94C57D950 /* ShareBehavior.swift */; };
		167F491D883CADF2982EA437 /* CollectionViewController.swift in Sources */ = {isa = PBXBuildFile; fileRef = D29144899DC17BE88260609B /* CollectionViewController.swift */; };
		87F34EAEBC6602EFAEB91AB5 /* DataSetViewController.swift in Sources */ = {isa = PBXBuildFile; fileRef = 33C9429C8E7B03063CDBE676 /* DataSetViewController.swift */; };
		0CF24D0AADA7A1BC14815218 /* DataViewController.swift in Sources */ = {isa = PBXBuildFile; fileRef = 7C614CD2B53C3849B7CA5456 /* DataViewController.swift */; };
		562842B3AA94F5ACFAB629B8 /* FilterViewController.swift in Sources */ = {isa = PBXBuildFile; fileRef = F1354DF2A56546320E73335E /* FilterViewController.swift */; };
		F1274D408EEAD6AF9FE68DF2 /* FormViewController.swift in Sources */ = {isa = PBXBuildFile; fileRef = 47F6471F889A7354CC674D08 /* FormViewController.swift */; };
		C7AF44E7809697B90D9B235D /* InputViewController.swift in Sources */ = {isa = PBXBuildFile; fileRef = 9CFF413BAB17463AF8F3352B /* InputViewController.swift */; };
		FE2249C6BFEF4A47597006BC /* OptionsViewController.swift in Sources */ = {isa = PBXBuildFile; fileRef = 0A624DAFA7FD8AC34A688D26 /* OptionsViewController.swift */; };
		A79949B293FEF191A5B0CFB7 /* SimpleCollectionViewController.swift in Sources */ = {isa = PBXBuildFile; fileRef = 5EE746E08F140178E943302E /* SimpleCollectionViewController.swift */; };
		F4BC4F0094501ACA614B6A99 /* SimpleTabBarController.swift in Sources */ = {isa = PBXBuildFile; fileRef = 7F8A4E6980FAB3C01CF06A5D /* SimpleTabBarController.swift */; };
		F61E4BD3BD3007BAB2074ACA /* StackViewController.swift in Sources */ = {isa = PBXBuildFile; fileRef = 47D54D6C917B90C514AD1B38 /* StackViewController.swift */; };
		4FF5450CB2A65605C89FE316 /* TableViewController.swift in Sources */ = {isa = PBXBuildFile; fileRef = 3D8C4FA0BAFCFAA42686967C /* TableViewController.swift */; };
		2D164C97B85303410665E222 /* CloudDatasource.swift in Sources */ = {isa = PBXBuildFile; fileRef = D86D4BD393E54AC440A1B1CF /* CloudDatasource.swift */; };
		48F04A02818C8E51D94E76FA /* CloudDatasourceFilter.swift in Sources */ = {isa = PBXBuildFile; fileRef = AB954A29B6110B66FE69AAA1 /* CloudDatasourceFilter.swift */; };
		7DCB4DD7A83D5961941FC00F /* Datasource.swift in Sources */ = {isa = PBXBuildFile; fileRef = AED84E24A222B9CD979170AB /* Datasource.swift */; };
		FFE54114B5084AA18E2C1538 /* DatasourceFilter.swift in Sources */ = {isa = PBXBuildFile; fileRef = 4BDF4D688F719320E2D2634A /* DatasourceFilter.swift */; };
		9BEA4E47A03460353E99F2C5 /* DatasourceOptions.swift in Sources */ = {isa = PBXBuildFile; fileRef = 042C49FA88497495B79615AE /* DatasourceOptions.swift */; };
		BD8E4AE8A873F984391A9B10 /* ExternalDatasource.swift in Sources */ = {isa = PBXBuildFile; fileRef = 038E41CBA4A17BB84FB4E031 /* ExternalDatasource.swift */; };
		67C24C6E853DBA13922B5ECB /* ExternalDatasourceFilter.swift in Sources */ = {isa = PBXBuildFile; fileRef = 14E441DB8E336357F4BF20DA /* ExternalDatasourceFilter.swift */; };
		1602406699EAB221CFE9278F /* HttpClient.swift in Sources */ = {isa = PBXBuildFile; fileRef = 84F541CDAB38EF68EEBAD777 /* HttpClient.swift */; };
		55AB45C1905065574D39A1BC /* Item.swift in Sources */ = {isa = PBXBuildFile; fileRef = B7F641118AAA6E50CA4E70F9 /* Item.swift */; };
		12594E6495AAA85AA5B3611A /* LocalDatasource.swift in Sources */ = {isa = PBXBuildFile; fileRef = 32924A70A6E5230E924291D7 /* LocalDatasource.swift */; };
		5DB744B99022AAEF6A1AE4C2 /* LocalDatasourceFilter.swift in Sources */ = {isa = PBXBuildFile; fileRef = 69674D4E9F5ABE52C8550184 /* LocalDatasourceFilter.swift */; };
		BC2B4DD79B69E2BF51566802 /* Annotation.swift in Sources */ = {isa = PBXBuildFile; fileRef = 5DDE47A0853CE8D622585526 /* Annotation.swift */; };
		EDC34964B1EB75A50405110B /* DateRange.swift in Sources */ = {isa = PBXBuildFile; fileRef = BD0243EFA81C2EC813DBA6AE /* DateRange.swift */; };
		94DE4E2E9CF23B9DEEE503F8 /* GeoPoint.swift in Sources */ = {isa = PBXBuildFile; fileRef = 4A5B490CA89FBED01AADC339 /* GeoPoint.swift */; };
		61BA4B8E94D0D7C12F8ED160 /* MenuItem.swift in Sources */ = {isa = PBXBuildFile; fileRef = 6952475781CD2B52217707E5 /* MenuItem.swift */; };
		22254C1198028DF74F858313 /* BasicAuthLoginService.swift in Sources */ = {isa = PBXBuildFile; fileRef = B4DF4DEDA4036175C662DFCD /* BasicAuthLoginService.swift */; };
		5B13470EBAA6C67CFC231E01 /* LoginManager.swift in Sources */ = {isa = PBXBuildFile; fileRef = F37E479DB4A6FBAAF027D067 /* LoginManager.swift */; };
		BCC749DBA0C69F164D7EE847 /* LoginResponse.swift in Sources */ = {isa = PBXBuildFile; fileRef = CA904EF0BA64156735F83618 /* LoginResponse.swift */; };
		9B704E4C8DF18F17779DF0A7 /* LoginService.swift in Sources */ = {isa = PBXBuildFile; fileRef = D6A548EAA0DE62518B423605 /* LoginService.swift */; };
		C22E4413B4C7B7473265492F /* LoginViewController.swift in Sources */ = {isa = PBXBuildFile; fileRef = FF214DCDA8901327DC86D8B1 /* LoginViewController.swift */; };
		529C4D968FDFE8412BF8F7E6 /* LogoutAction.swift in Sources */ = {isa = PBXBuildFile; fileRef = F7B44F6C986026E617A5EAA2 /* LogoutAction.swift */; };
		94EE4AB495ADE9D4CDBEFC44 /* LogoutBehavior.swift in Sources */ = {isa = PBXBuildFile; fileRef = 71D9415EA76C00DB6F0F5165 /* LogoutBehavior.swift */; };
		39414517A747B08C17A8A8B7 /* ErrorManager.swift in Sources */ = {isa = PBXBuildFile; fileRef = 0FEF45208862F5CE9E57E84E /* ErrorManager.swift */; };
		CF0D41A89D7177BFE93C554F /* LocationManager.swift in Sources */ = {isa = PBXBuildFile; fileRef = 676946B8B8AD4BA6A839461F /* LocationManager.swift */; };
		9B334DEAAA65AEE563875855 /* NSDate+Additions.swift in Sources */ = {isa = PBXBuildFile; fileRef = F14343DF833F320B13EA7FD0 /* NSDate+Additions.swift */; };
		C8DB4122BCCB339B0DAE5746 /* NSString+Additions.swift in Sources */ = {isa = PBXBuildFile; fileRef = 08AF4E06ADA04E168CF1434D /* NSString+Additions.swift */; };
		E7C44C68AD629EF1B05645DE /* String+Additions.swift in Sources */ = {isa = PBXBuildFile; fileRef = BAF442EC9F7CC5A22902C1EA /* String+Additions.swift */; };
		5A21463982193CBF1FF01137 /* UIColor+Additions.swift in Sources */ = {isa = PBXBuildFile; fileRef = 37174E878347467570BD7D5A /* UIColor+Additions.swift */; };
		B7874BC79400D5A979253B85 /* UIFont+Additions.swift in Sources */ = {isa = PBXBuildFile; fileRef = 6F2149A994DCB004BF702C4B /* UIFont+Additions.swift */; };
		00F44A0788F029963EDC3F3A /* UIImageView+Additions.swift in Sources */ = {isa = PBXBuildFile; fileRef = D8A347BBB69DCC1D53A941CD /* UIImageView+Additions.swift */; };
		6A5848758AD6598DBF7A8789 /* UITextField+Additions.swift in Sources */ = {isa = PBXBuildFile; fileRef = F81E414397C20D70F43D7C45 /* UITextField+Additions.swift */; };
		A7CC43529D3E210EE5CDA676 /* UIView+Additions.swift in Sources */ = {isa = PBXBuildFile; fileRef = 8566478CA3FD4DF9B105112B /* UIView+Additions.swift */; };
		12044F74A446098811A3962A /* UIViewController+Additions.swift in Sources */ = {isa = PBXBuildFile; fileRef = 6362491F97A4A49063F55D1A /* UIViewController+Additions.swift */; };
		3F52453A8AFCF3F324737A82 /* ContainerView.swift in Sources */ = {isa = PBXBuildFile; fileRef = 0AD2471D94C8B11DFBF1CE7C /* ContainerView.swift */; };
		F9ED4E9E8DEB8BAF39984240 /* MosaicCell.swift in Sources */ = {isa = PBXBuildFile; fileRef = BE5E495396A4091A0CFDAF73 /* MosaicCell.swift */; };
		6A0D4411A8591A3201468198 /* PhotoCell.swift in Sources */ = {isa = PBXBuildFile; fileRef = D6E04814BA0916B620866B91 /* PhotoCell.swift */; };
		D0164032A967EB05481F6770 /* BooleanField.swift in Sources */ = {isa = PBXBuildFile; fileRef = 1254407981695AEEFF47E95D /* BooleanField.swift */; };
		50D54BAAB2D4E8704381BF8E /* DateField.swift in Sources */ = {isa = PBXBuildFile; fileRef = 8C164C84938451E20843783F /* DateField.swift */; };
		4C404F018F7F20B9F2AD680E /* DateRangeField.swift in Sources */ = {isa = PBXBuildFile; fileRef = A8A142A9B87CBB1E81D1F73D /* DateRangeField.swift */; };
		617248C6832AD531CCB62438 /* DateRangeFilterField.swift in Sources */ = {isa = PBXBuildFile; fileRef = 337F481C923E2C4F51CB2118 /* DateRangeFilterField.swift */; };
		A67845068140A13CECCAAC57 /* DateTimeField.swift in Sources */ = {isa = PBXBuildFile; fileRef = 16DB44C69764F8B55E5DA9F3 /* DateTimeField.swift */; };
		E95A4D71A865CDD66052AE86 /* DecimalField.swift in Sources */ = {isa = PBXBuildFile; fileRef = 12B84FBA8C22D28528F8550A /* DecimalField.swift */; };
		659B474CB5A885BA8D20F332 /* Field.swift in Sources */ = {isa = PBXBuildFile; fileRef = 46384E5CA869E8EEBE3A797D /* Field.swift */; };
		9A60495DA8F249A3F75F1E2E /* FilterField.swift in Sources */ = {isa = PBXBuildFile; fileRef = 7AFC4412AC5E2C6A6AC0F728 /* FilterField.swift */; };
		C8C3475784C331BD6FAA5123 /* ImageField.swift in Sources */ = {isa = PBXBuildFile; fileRef = 5C424C08873005B107146FEF /* ImageField.swift */; };
		29D2497EA23691B6C3A34845 /* ImageInputView.swift in Sources */ = {isa = PBXBuildFile; fileRef = 112D40869DD30029763F8536 /* ImageInputView.swift */; };
		379C40BCB9EC8E9EFA4A01A8 /* IntegerField.swift in Sources */ = {isa = PBXBuildFile; fileRef = 37A54789B0153F746D52160B /* IntegerField.swift */; };
		5038477FAFDFEC005009E32A /* LocationField.swift in Sources */ = {isa = PBXBuildFile; fileRef = 3B33408DB7B52A1B362AD913 /* LocationField.swift */; };
		B64A496D85FB29F3F3D3D964 /* LocationInputView.swift in Sources */ = {isa = PBXBuildFile; fileRef = D09F488C9AF712FFDC9DB1CC /* LocationInputView.swift */; };
		F22745A288ED8278347EE82D /* NumberFilterField.swift in Sources */ = {isa = PBXBuildFile; fileRef = CB844BE3A5EF6AD3B085EDAB /* NumberFilterField.swift */; };
		69F2409C881DF2D678405147 /* OptionsField.swift in Sources */ = {isa = PBXBuildFile; fileRef = 834D4A198B687FDBD08B30AE /* OptionsField.swift */; };
		DE374836ACFCA6C58CF62FBD /* OptionsFilterField.swift in Sources */ = {isa = PBXBuildFile; fileRef = 10B5474ABEF4A5A9CBD00A66 /* OptionsFilterField.swift */; };
		A9BA44E29448A8E88E00F93F /* OptionsInputView.swift in Sources */ = {isa = PBXBuildFile; fileRef = CE2F40A294CA5EE83D419775 /* OptionsInputView.swift */; };
		53984CCD80D92D80636C8715 /* RangeInputView.swift in Sources */ = {isa = PBXBuildFile; fileRef = F2674CCC93BD8188E53D0464 /* RangeInputView.swift */; };
		66BC44EE9C66FCF66B1A9E84 /* Rules.swift in Sources */ = {isa = PBXBuildFile; fileRef = 82DB4E389C56BDF125B455E8 /* Rules.swift */; };
		5A67476C91003FBAB273D079 /* StringField.swift in Sources */ = {isa = PBXBuildFile; fileRef = E0784241BC4AFE36ABB352E0 /* StringField.swift */; };
		03A544B88C9AAC378E3EDC87 /* StringFilterField.swift in Sources */ = {isa = PBXBuildFile; fileRef = 44954A51BC012BB6935ED429 /* StringFilterField.swift */; };
		E80A456CB8317DB476BE402F /* SwitchInputView.swift in Sources */ = {isa = PBXBuildFile; fileRef = 6BC04980A5663A49D144B780 /* SwitchInputView.swift */; };
		43A7440FAB6D845F9CAA8473 /* TextInputView.swift in Sources */ = {isa = PBXBuildFile; fileRef = BC794A20B05FC0DBC0B6645D /* TextInputView.swift */; };
		6CD64C87A6F759760702CC4E /* TristateField.swift in Sources */ = {isa = PBXBuildFile; fileRef = 0E94438C9350897AB6999D7E /* TristateField.swift */; };
		CCA346869B224D2C74EBDC4D /* TristateInputView.swift in Sources */ = {isa = PBXBuildFile; fileRef = 1C9245C996946D9E79B02D61 /* TristateInputView.swift */; };
		7DEB4BB09E648D2FA1F63B10 /* BasicCell.swift in Sources */ = {isa = PBXBuildFile; fileRef = EE884BA5AD0AB8D22E885061 /* BasicCell.swift */; };
		80EA49B28D62024B0F36BAEE /* BasicImageCell.swift in Sources */ = {isa = PBXBuildFile; fileRef = 51044F478C0D5856D1CF7B1A /* BasicImageCell.swift */; };
		EE2B47429AECB8A310DCCBAB /* DetailCell.swift in Sources */ = {isa = PBXBuildFile; fileRef = BFD341C99385F28E579E7C06 /* DetailCell.swift */; };
		A15046229E2E9F9826AF54DD /* DetailImageCell.swift in Sources */ = {isa = PBXBuildFile; fileRef = A7594DC7B08F0DFF9D262C63 /* DetailImageCell.swift */; };
		F7684624BAA81545B6FE6883 /* InfoImageCell.swift in Sources */ = {isa = PBXBuildFile; fileRef = 34384CAFA9E88B79FD062E6D /* InfoImageCell.swift */; };
		097945F38D9F8A404FA414DB /* AppDelegate.swift in Sources */ = {isa = PBXBuildFile; fileRef = 33B54E79872319344F683735 /* AppDelegate.swift */; };
		5DD24DC0B27E9D150DAB2968 /* MainNavigation.swift in Sources */ = {isa = PBXBuildFile; fileRef = 4CD14BC3BAEF82749CBE1C86 /* MainNavigation.swift */; };
		C82246A788A379D3A4D71540 /* Style.swift in Sources */ = {isa = PBXBuildFile; fileRef = 5D044732B248BBCF5B947F9B /* Style.swift */; };
		B95142E0A3DD9C28E52BBE75 /* StyleConfig.swift in Sources */ = {isa = PBXBuildFile; fileRef = 06624EF69B0E676998914209 /* StyleConfig.swift */; };
	
/* End PBXBuildFile section */

/* Begin PBXContainerItemProxy section */
		BB8496991D3F74820093606A /* PBXContainerItemProxy */ = {
			isa = PBXContainerItemProxy;
			containerPortal = BB84967C1D3F74820093606A /* Project object */;
			proxyType = 1;
			remoteGlobalIDString = BB8496831D3F74820093606A;
			remoteInfo = sec;
		};
		BB8496A41D3F74820093606A /* PBXContainerItemProxy */ = {
			isa = PBXContainerItemProxy;
			containerPortal = BB84967C1D3F74820093606A /* Project object */;
			proxyType = 1;
			remoteGlobalIDString = BB8496831D3F74820093606A;
			remoteInfo = sec;
		};
/* End PBXContainerItemProxy section */

/* Begin PBXFileReference section */
		BB8496841D3F74820093606A /* sec.app */ = {isa = PBXFileReference; explicitFileType = wrapper.application; includeInIndex = 0; path = sec.app; sourceTree = BUILT_PRODUCTS_DIR; };
		BB8496891D3F74820093606A /* ViewController.swift */ = {isa = PBXFileReference; lastKnownFileType = sourcecode.swift; path = ViewController.swift; sourceTree = "<group>"; };
		BB84968E1D3F74820093606A /* Assets.xcassets */ = {isa = PBXFileReference; lastKnownFileType = folder.assetcatalog; path = Assets.xcassets; sourceTree = "<group>"; };
		BB8496911D3F74820093606A /* Base */ = {isa = PBXFileReference; lastKnownFileType = file.storyboard; name = Base; path = Base.lproj/LaunchScreen.storyboard; sourceTree = "<group>"; };
		BB8496931D3F74820093606A /* Info.plist */ = {isa = PBXFileReference; lastKnownFileType = text.plist.xml; path = Info.plist; sourceTree = "<group>"; };
		BB8496981D3F74820093606A /* secTests.xctest */ = {isa = PBXFileReference; explicitFileType = wrapper.cfbundle; includeInIndex = 0; path = secTests.xctest; sourceTree = BUILT_PRODUCTS_DIR; };
		BB84969C1D3F74820093606A /* secTests.swift */ = {isa = PBXFileReference; lastKnownFileType = sourcecode.swift; path = secTests.swift; sourceTree = "<group>"; };
		BB84969E1D3F74820093606A /* Info.plist */ = {isa = PBXFileReference; lastKnownFileType = text.plist.xml; path = Info.plist; sourceTree = "<group>"; };
		BB8496A31D3F74820093606A /* secUITests.xctest */ = {isa = PBXFileReference; explicitFileType = wrapper.cfbundle; includeInIndex = 0; path = secUITests.xctest; sourceTree = BUILT_PRODUCTS_DIR; };
		BB8496A71D3F74820093606A /* secUITests.swift */ = {isa = PBXFileReference; lastKnownFileType = sourcecode.swift; path = secUITests.swift; sourceTree = "<group>"; };
		BB8496A91D3F74820093606A /* Info.plist */ = {isa = PBXFileReference; lastKnownFileType = text.plist.xml; path = Info.plist; sourceTree = "<group>"; };
		
		67D140048F7FB61868FADF98 /* ClientsDetailViewController.swift */ = {isa = PBXFileReference; fileEncoding = 4; lastKnownFileType = sourcecode.swift; path = "ClientsDetailViewController.swift"; sourceTree = "<group>"; };
		09D4459D968BA7C2CE6D024D /* ClientsFilterViewController.swift */ = {isa = PBXFileReference; fileEncoding = 4; lastKnownFileType = sourcecode.swift; path = "ClientsFilterViewController.swift"; sourceTree = "<group>"; };
		5566460D8D27E10BEA4C92D7 /* ClientsFormViewController.swift */ = {isa = PBXFileReference; fileEncoding = 4; lastKnownFileType = sourcecode.swift; path = "ClientsFormViewController.swift"; sourceTree = "<group>"; };
		B9734A55BDB612A61EE7CFA7 /* ClientsViewController.swift */ = {isa = PBXFileReference; fileEncoding = 4; lastKnownFileType = sourcecode.swift; path = "ClientsViewController.swift"; sourceTree = "<group>"; };
		FC9E46D0A0F23D0904960431 /* DriversDetailViewController.swift */ = {isa = PBXFileReference; fileEncoding = 4; lastKnownFileType = sourcecode.swift; path = "DriversDetailViewController.swift"; sourceTree = "<group>"; };
		52234F25A791B68B914BF936 /* DriversFilterViewController.swift */ = {isa = PBXFileReference; fileEncoding = 4; lastKnownFileType = sourcecode.swift; path = "DriversFilterViewController.swift"; sourceTree = "<group>"; };
		2631493EB87FCD7714156EC9 /* DriversFormViewController.swift */ = {isa = PBXFileReference; fileEncoding = 4; lastKnownFileType = sourcecode.swift; path = "DriversFormViewController.swift"; sourceTree = "<group>"; };
		26ED4C8795B750E95692EFD9 /* DriversViewController.swift */ = {isa = PBXFileReference; fileEncoding = 4; lastKnownFileType = sourcecode.swift; path = "DriversViewController.swift"; sourceTree = "<group>"; };
		7CA1464CA8AA6B0438049C2E /* LogisticsViewController.swift */ = {isa = PBXFileReference; fileEncoding = 4; lastKnownFileType = sourcecode.swift; path = "LogisticsViewController.swift"; sourceTree = "<group>"; };
		85D84AB8B61CC30909472958 /* MainMenuViewController.swift */ = {isa = PBXFileReference; fileEncoding = 4; lastKnownFileType = sourcecode.swift; path = "MainMenuViewController.swift"; sourceTree = "<group>"; };
		6C714F06B3A9B5A31528356C /* ShipmentsDetailViewController.swift */ = {isa = PBXFileReference; fileEncoding = 4; lastKnownFileType = sourcecode.swift; path = "ShipmentsDetailViewController.swift"; sourceTree = "<group>"; };
		5E264F46863C25C2D48A5049 /* ShipmentsFilterViewController.swift */ = {isa = PBXFileReference; fileEncoding = 4; lastKnownFileType = sourcecode.swift; path = "ShipmentsFilterViewController.swift"; sourceTree = "<group>"; };
		9C9441238D431C2CBBDCF772 /* ShipmentsFormViewController.swift */ = {isa = PBXFileReference; fileEncoding = 4; lastKnownFileType = sourcecode.swift; path = "ShipmentsFormViewController.swift"; sourceTree = "<group>"; };
		12464B53B1782F168F9C5369 /* ShipmentsViewController.swift */ = {isa = PBXFileReference; fileEncoding = 4; lastKnownFileType = sourcecode.swift; path = "ShipmentsViewController.swift"; sourceTree = "<group>"; };
		FCE54D8881A1DD5FA72C563D /* VehiclesDetailViewController.swift */ = {isa = PBXFileReference; fileEncoding = 4; lastKnownFileType = sourcecode.swift; path = "VehiclesDetailViewController.swift"; sourceTree = "<group>"; };
		9496456C95820FE5B940F776 /* VehiclesFilterViewController.swift */ = {isa = PBXFileReference; fileEncoding = 4; lastKnownFileType = sourcecode.swift; path = "VehiclesFilterViewController.swift"; sourceTree = "<group>"; };
		BDC941869C46B1FCD057A590 /* VehiclesFormViewController.swift */ = {isa = PBXFileReference; fileEncoding = 4; lastKnownFileType = sourcecode.swift; path = "VehiclesFormViewController.swift"; sourceTree = "<group>"; };
		BB5C44F78CCEB5A3E703770B /* VehiclesViewController.swift */ = {isa = PBXFileReference; fileEncoding = 4; lastKnownFileType = sourcecode.swift; path = "VehiclesViewController.swift"; sourceTree = "<group>"; };
		A6DC45B5BA989B4DB22615FD /* DatasourceConfig.swift */ = {isa = PBXFileReference; fileEncoding = 4; lastKnownFileType = sourcecode.swift; path = "DatasourceConfig.swift"; sourceTree = "<group>"; };
		093240709D957892B0693556 /* DatasourceManager.swift */ = {isa = PBXFileReference; fileEncoding = 4; lastKnownFileType = sourcecode.swift; path = "DatasourceManager.swift"; sourceTree = "<group>"; };
		8D2A418A830717B25B46F63C /* ClientsDSItem.swift */ = {isa = PBXFileReference; fileEncoding = 4; lastKnownFileType = sourcecode.swift; path = "ClientsDSItem.swift"; sourceTree = "<group>"; };
		F72E4A2EA7830D4E3F78B34F /* DashboardDSItem.swift */ = {isa = PBXFileReference; fileEncoding = 4; lastKnownFileType = sourcecode.swift; path = "DashboardDSItem.swift"; sourceTree = "<group>"; };
		211645408B33FE1694D69271 /* DriversScreen1DSItem.swift */ = {isa = PBXFileReference; fileEncoding = 4; lastKnownFileType = sourcecode.swift; path = "DriversScreen1DSItem.swift"; sourceTree = "<group>"; };
		C0AF4918AA3A30EC6872F980 /* ShipmentsDSItem.swift */ = {isa = PBXFileReference; fileEncoding = 4; lastKnownFileType = sourcecode.swift; path = "ShipmentsDSItem.swift"; sourceTree = "<group>"; };
		A2AD41019F33B9ABB5702259 /* VehiclesDSItem.swift */ = {isa = PBXFileReference; fileEncoding = 4; lastKnownFileType = sourcecode.swift; path = "VehiclesDSItem.swift"; sourceTree = "<group>"; };
		18D2489D9B056B9176F1578E /* Action.swift */ = {isa = PBXFileReference; fileEncoding = 4; lastKnownFileType = sourcecode.swift; path = "Action.swift"; sourceTree = "<group>"; };
		072E44E5A8382207EC347311 /* LinkAction.swift */ = {isa = PBXFileReference; fileEncoding = 4; lastKnownFileType = sourcecode.swift; path = "LinkAction.swift"; sourceTree = "<group>"; };
		39CA4991B963FCDEEC626B38 /* MailAction.swift */ = {isa = PBXFileReference; fileEncoding = 4; lastKnownFileType = sourcecode.swift; path = "MailAction.swift"; sourceTree = "<group>"; };
		08704E53A73E96D1DFF7498E /* MapAction.swift */ = {isa = PBXFileReference; fileEncoding = 4; lastKnownFileType = sourcecode.swift; path = "MapAction.swift"; sourceTree = "<group>"; };
		0FE644B68168279CFD69165D /* NavigationAction.swift */ = {isa = PBXFileReference; fileEncoding = 4; lastKnownFileType = sourcecode.swift; path = "NavigationAction.swift"; sourceTree = "<group>"; };
		1B0244FEB7F597067B194E8F /* NavigationPushAction.swift */ = {isa = PBXFileReference; fileEncoding = 4; lastKnownFileType = sourcecode.swift; path = "NavigationPushAction.swift"; sourceTree = "<group>"; };
		21E045EBA8AD61BF5085AFDF /* PhoneAction.swift */ = {isa = PBXFileReference; fileEncoding = 4; lastKnownFileType = sourcecode.swift; path = "PhoneAction.swift"; sourceTree = "<group>"; };
		B8FF4B5A9D26A6B989E47B45 /* SlidingAction.swift */ = {isa = PBXFileReference; fileEncoding = 4; lastKnownFileType = sourcecode.swift; path = "SlidingAction.swift"; sourceTree = "<group>"; };
		B71D47F1AB8E277D570CE2C1 /* UriAction.swift */ = {isa = PBXFileReference; fileEncoding = 4; lastKnownFileType = sourcecode.swift; path = "UriAction.swift"; sourceTree = "<group>"; };
		C5EA4684A08508658D7B6EB9 /* Analytics.swift */ = {isa = PBXFileReference; fileEncoding = 4; lastKnownFileType = sourcecode.swift; path = "Analytics.swift"; sourceTree = "<group>"; };
		3FDD4224AE724F44A74D432B /* AnalyticsManager.swift */ = {isa = PBXFileReference; fileEncoding = 4; lastKnownFileType = sourcecode.swift; path = "AnalyticsManager.swift"; sourceTree = "<group>"; };
		CC0E4025B4FD6DCA9417581B /* Logger.swift */ = {isa = PBXFileReference; fileEncoding = 4; lastKnownFileType = sourcecode.swift; path = "Logger.swift"; sourceTree = "<group>"; };
		C0794285B46C63CE9EE29E90 /* LoggerLevel.swift */ = {isa = PBXFileReference; fileEncoding = 4; lastKnownFileType = sourcecode.swift; path = "LoggerLevel.swift"; sourceTree = "<group>"; };
		920640E4AABF504E75AEACB5 /* Behavior.swift */ = {isa = PBXFileReference; fileEncoding = 4; lastKnownFileType = sourcecode.swift; path = "Behavior.swift"; sourceTree = "<group>"; };
		08E547C791210C8C693D0646 /* CreateBehavior.swift */ = {isa = PBXFileReference; fileEncoding = 4; lastKnownFileType = sourcecode.swift; path = "CreateBehavior.swift"; sourceTree = "<group>"; };
		71E14033AD6DBBFE9F20D111 /* FilterBehavior.swift */ = {isa = PBXFileReference; fileEncoding = 4; lastKnownFileType = sourcecode.swift; path = "FilterBehavior.swift"; sourceTree = "<group>"; };
		F09D4B72BA633682BA8699A4 /* SearchBehavior.swift */ = {isa = PBXFileReference; fileEncoding = 4; lastKnownFileType = sourcecode.swift; path = "SearchBehavior.swift"; sourceTree = "<group>"; };
		794E4B9DB6E7F73238628366 /* UpdateBehavior.swift */ = {isa = PBXFileReference; fileEncoding = 4; lastKnownFileType = sourcecode.swift; path = "UpdateBehavior.swift"; sourceTree = "<group>"; };
		4D4A422CA4080BF9A61794D0 /* DeleteBehavior.swift */ = {isa = PBXFileReference; fileEncoding = 4; lastKnownFileType = sourcecode.swift; path = "DeleteBehavior.swift"; sourceTree = "<group>"; };
		7AA84A2FA3B192F94C57D950 /* ShareBehavior.swift */ = {isa = PBXFileReference; fileEncoding = 4; lastKnownFileType = sourcecode.swift; path = "ShareBehavior.swift"; sourceTree = "<group>"; };
		D29144899DC17BE88260609B /* CollectionViewController.swift */ = {isa = PBXFileReference; fileEncoding = 4; lastKnownFileType = sourcecode.swift; path = "CollectionViewController.swift"; sourceTree = "<group>"; };
		33C9429C8E7B03063CDBE676 /* DataSetViewController.swift */ = {isa = PBXFileReference; fileEncoding = 4; lastKnownFileType = sourcecode.swift; path = "DataSetViewController.swift"; sourceTree = "<group>"; };
		7C614CD2B53C3849B7CA5456 /* DataViewController.swift */ = {isa = PBXFileReference; fileEncoding = 4; lastKnownFileType = sourcecode.swift; path = "DataViewController.swift"; sourceTree = "<group>"; };
		F1354DF2A56546320E73335E /* FilterViewController.swift */ = {isa = PBXFileReference; fileEncoding = 4; lastKnownFileType = sourcecode.swift; path = "FilterViewController.swift"; sourceTree = "<group>"; };
		47F6471F889A7354CC674D08 /* FormViewController.swift */ = {isa = PBXFileReference; fileEncoding = 4; lastKnownFileType = sourcecode.swift; path = "FormViewController.swift"; sourceTree = "<group>"; };
		9CFF413BAB17463AF8F3352B /* InputViewController.swift */ = {isa = PBXFileReference; fileEncoding = 4; lastKnownFileType = sourcecode.swift; path = "InputViewController.swift"; sourceTree = "<group>"; };
		0A624DAFA7FD8AC34A688D26 /* OptionsViewController.swift */ = {isa = PBXFileReference; fileEncoding = 4; lastKnownFileType = sourcecode.swift; path = "OptionsViewController.swift"; sourceTree = "<group>"; };
		5EE746E08F140178E943302E /* SimpleCollectionViewController.swift */ = {isa = PBXFileReference; fileEncoding = 4; lastKnownFileType = sourcecode.swift; path = "SimpleCollectionViewController.swift"; sourceTree = "<group>"; };
		7F8A4E6980FAB3C01CF06A5D /* SimpleTabBarController.swift */ = {isa = PBXFileReference; fileEncoding = 4; lastKnownFileType = sourcecode.swift; path = "SimpleTabBarController.swift"; sourceTree = "<group>"; };
		47D54D6C917B90C514AD1B38 /* StackViewController.swift */ = {isa = PBXFileReference; fileEncoding = 4; lastKnownFileType = sourcecode.swift; path = "StackViewController.swift"; sourceTree = "<group>"; };
		3D8C4FA0BAFCFAA42686967C /* TableViewController.swift */ = {isa = PBXFileReference; fileEncoding = 4; lastKnownFileType = sourcecode.swift; path = "TableViewController.swift"; sourceTree = "<group>"; };
		D86D4BD393E54AC440A1B1CF /* CloudDatasource.swift */ = {isa = PBXFileReference; fileEncoding = 4; lastKnownFileType = sourcecode.swift; path = "CloudDatasource.swift"; sourceTree = "<group>"; };
		AB954A29B6110B66FE69AAA1 /* CloudDatasourceFilter.swift */ = {isa = PBXFileReference; fileEncoding = 4; lastKnownFileType = sourcecode.swift; path = "CloudDatasourceFilter.swift"; sourceTree = "<group>"; };
		AED84E24A222B9CD979170AB /* Datasource.swift */ = {isa = PBXFileReference; fileEncoding = 4; lastKnownFileType = sourcecode.swift; path = "Datasource.swift"; sourceTree = "<group>"; };
		4BDF4D688F719320E2D2634A /* DatasourceFilter.swift */ = {isa = PBXFileReference; fileEncoding = 4; lastKnownFileType = sourcecode.swift; path = "DatasourceFilter.swift"; sourceTree = "<group>"; };
		042C49FA88497495B79615AE /* DatasourceOptions.swift */ = {isa = PBXFileReference; fileEncoding = 4; lastKnownFileType = sourcecode.swift; path = "DatasourceOptions.swift"; sourceTree = "<group>"; };
		038E41CBA4A17BB84FB4E031 /* ExternalDatasource.swift */ = {isa = PBXFileReference; fileEncoding = 4; lastKnownFileType = sourcecode.swift; path = "ExternalDatasource.swift"; sourceTree = "<group>"; };
		14E441DB8E336357F4BF20DA /* ExternalDatasourceFilter.swift */ = {isa = PBXFileReference; fileEncoding = 4; lastKnownFileType = sourcecode.swift; path = "ExternalDatasourceFilter.swift"; sourceTree = "<group>"; };
		84F541CDAB38EF68EEBAD777 /* HttpClient.swift */ = {isa = PBXFileReference; fileEncoding = 4; lastKnownFileType = sourcecode.swift; path = "HttpClient.swift"; sourceTree = "<group>"; };
		B7F641118AAA6E50CA4E70F9 /* Item.swift */ = {isa = PBXFileReference; fileEncoding = 4; lastKnownFileType = sourcecode.swift; path = "Item.swift"; sourceTree = "<group>"; };
		32924A70A6E5230E924291D7 /* LocalDatasource.swift */ = {isa = PBXFileReference; fileEncoding = 4; lastKnownFileType = sourcecode.swift; path = "LocalDatasource.swift"; sourceTree = "<group>"; };
		69674D4E9F5ABE52C8550184 /* LocalDatasourceFilter.swift */ = {isa = PBXFileReference; fileEncoding = 4; lastKnownFileType = sourcecode.swift; path = "LocalDatasourceFilter.swift"; sourceTree = "<group>"; };
		5DDE47A0853CE8D622585526 /* Annotation.swift */ = {isa = PBXFileReference; fileEncoding = 4; lastKnownFileType = sourcecode.swift; path = "Annotation.swift"; sourceTree = "<group>"; };
		BD0243EFA81C2EC813DBA6AE /* DateRange.swift */ = {isa = PBXFileReference; fileEncoding = 4; lastKnownFileType = sourcecode.swift; path = "DateRange.swift"; sourceTree = "<group>"; };
		4A5B490CA89FBED01AADC339 /* GeoPoint.swift */ = {isa = PBXFileReference; fileEncoding = 4; lastKnownFileType = sourcecode.swift; path = "GeoPoint.swift"; sourceTree = "<group>"; };
		6952475781CD2B52217707E5 /* MenuItem.swift */ = {isa = PBXFileReference; fileEncoding = 4; lastKnownFileType = sourcecode.swift; path = "MenuItem.swift"; sourceTree = "<group>"; };
		B4DF4DEDA4036175C662DFCD /* BasicAuthLoginService.swift */ = {isa = PBXFileReference; fileEncoding = 4; lastKnownFileType = sourcecode.swift; path = "BasicAuthLoginService.swift"; sourceTree = "<group>"; };
		F37E479DB4A6FBAAF027D067 /* LoginManager.swift */ = {isa = PBXFileReference; fileEncoding = 4; lastKnownFileType = sourcecode.swift; path = "LoginManager.swift"; sourceTree = "<group>"; };
		CA904EF0BA64156735F83618 /* LoginResponse.swift */ = {isa = PBXFileReference; fileEncoding = 4; lastKnownFileType = sourcecode.swift; path = "LoginResponse.swift"; sourceTree = "<group>"; };
		D6A548EAA0DE62518B423605 /* LoginService.swift */ = {isa = PBXFileReference; fileEncoding = 4; lastKnownFileType = sourcecode.swift; path = "LoginService.swift"; sourceTree = "<group>"; };
		FF214DCDA8901327DC86D8B1 /* LoginViewController.swift */ = {isa = PBXFileReference; fileEncoding = 4; lastKnownFileType = sourcecode.swift; path = "LoginViewController.swift"; sourceTree = "<group>"; };
		F7B44F6C986026E617A5EAA2 /* LogoutAction.swift */ = {isa = PBXFileReference; fileEncoding = 4; lastKnownFileType = sourcecode.swift; path = "LogoutAction.swift"; sourceTree = "<group>"; };
		71D9415EA76C00DB6F0F5165 /* LogoutBehavior.swift */ = {isa = PBXFileReference; fileEncoding = 4; lastKnownFileType = sourcecode.swift; path = "LogoutBehavior.swift"; sourceTree = "<group>"; };
		0FEF45208862F5CE9E57E84E /* ErrorManager.swift */ = {isa = PBXFileReference; fileEncoding = 4; lastKnownFileType = sourcecode.swift; path = "ErrorManager.swift"; sourceTree = "<group>"; };
		676946B8B8AD4BA6A839461F /* LocationManager.swift */ = {isa = PBXFileReference; fileEncoding = 4; lastKnownFileType = sourcecode.swift; path = "LocationManager.swift"; sourceTree = "<group>"; };
		F14343DF833F320B13EA7FD0 /* NSDate+Additions.swift */ = {isa = PBXFileReference; fileEncoding = 4; lastKnownFileType = sourcecode.swift; path = "NSDate+Additions.swift"; sourceTree = "<group>"; };
		08AF4E06ADA04E168CF1434D /* NSString+Additions.swift */ = {isa = PBXFileReference; fileEncoding = 4; lastKnownFileType = sourcecode.swift; path = "NSString+Additions.swift"; sourceTree = "<group>"; };
		BAF442EC9F7CC5A22902C1EA /* String+Additions.swift */ = {isa = PBXFileReference; fileEncoding = 4; lastKnownFileType = sourcecode.swift; path = "String+Additions.swift"; sourceTree = "<group>"; };
		37174E878347467570BD7D5A /* UIColor+Additions.swift */ = {isa = PBXFileReference; fileEncoding = 4; lastKnownFileType = sourcecode.swift; path = "UIColor+Additions.swift"; sourceTree = "<group>"; };
		6F2149A994DCB004BF702C4B /* UIFont+Additions.swift */ = {isa = PBXFileReference; fileEncoding = 4; lastKnownFileType = sourcecode.swift; path = "UIFont+Additions.swift"; sourceTree = "<group>"; };
		D8A347BBB69DCC1D53A941CD /* UIImageView+Additions.swift */ = {isa = PBXFileReference; fileEncoding = 4; lastKnownFileType = sourcecode.swift; path = "UIImageView+Additions.swift"; sourceTree = "<group>"; };
		F81E414397C20D70F43D7C45 /* UITextField+Additions.swift */ = {isa = PBXFileReference; fileEncoding = 4; lastKnownFileType = sourcecode.swift; path = "UITextField+Additions.swift"; sourceTree = "<group>"; };
		8566478CA3FD4DF9B105112B /* UIView+Additions.swift */ = {isa = PBXFileReference; fileEncoding = 4; lastKnownFileType = sourcecode.swift; path = "UIView+Additions.swift"; sourceTree = "<group>"; };
		6362491F97A4A49063F55D1A /* UIViewController+Additions.swift */ = {isa = PBXFileReference; fileEncoding = 4; lastKnownFileType = sourcecode.swift; path = "UIViewController+Additions.swift"; sourceTree = "<group>"; };
		0AD2471D94C8B11DFBF1CE7C /* ContainerView.swift */ = {isa = PBXFileReference; fileEncoding = 4; lastKnownFileType = sourcecode.swift; path = "ContainerView.swift"; sourceTree = "<group>"; };
		BE5E495396A4091A0CFDAF73 /* MosaicCell.swift */ = {isa = PBXFileReference; fileEncoding = 4; lastKnownFileType = sourcecode.swift; path = "MosaicCell.swift"; sourceTree = "<group>"; };
		D6E04814BA0916B620866B91 /* PhotoCell.swift */ = {isa = PBXFileReference; fileEncoding = 4; lastKnownFileType = sourcecode.swift; path = "PhotoCell.swift"; sourceTree = "<group>"; };
		1254407981695AEEFF47E95D /* BooleanField.swift */ = {isa = PBXFileReference; fileEncoding = 4; lastKnownFileType = sourcecode.swift; path = "BooleanField.swift"; sourceTree = "<group>"; };
		8C164C84938451E20843783F /* DateField.swift */ = {isa = PBXFileReference; fileEncoding = 4; lastKnownFileType = sourcecode.swift; path = "DateField.swift"; sourceTree = "<group>"; };
		A8A142A9B87CBB1E81D1F73D /* DateRangeField.swift */ = {isa = PBXFileReference; fileEncoding = 4; lastKnownFileType = sourcecode.swift; path = "DateRangeField.swift"; sourceTree = "<group>"; };
		337F481C923E2C4F51CB2118 /* DateRangeFilterField.swift */ = {isa = PBXFileReference; fileEncoding = 4; lastKnownFileType = sourcecode.swift; path = "DateRangeFilterField.swift"; sourceTree = "<group>"; };
		16DB44C69764F8B55E5DA9F3 /* DateTimeField.swift */ = {isa = PBXFileReference; fileEncoding = 4; lastKnownFileType = sourcecode.swift; path = "DateTimeField.swift"; sourceTree = "<group>"; };
		12B84FBA8C22D28528F8550A /* DecimalField.swift */ = {isa = PBXFileReference; fileEncoding = 4; lastKnownFileType = sourcecode.swift; path = "DecimalField.swift"; sourceTree = "<group>"; };
		46384E5CA869E8EEBE3A797D /* Field.swift */ = {isa = PBXFileReference; fileEncoding = 4; lastKnownFileType = sourcecode.swift; path = "Field.swift"; sourceTree = "<group>"; };
		7AFC4412AC5E2C6A6AC0F728 /* FilterField.swift */ = {isa = PBXFileReference; fileEncoding = 4; lastKnownFileType = sourcecode.swift; path = "FilterField.swift"; sourceTree = "<group>"; };
		5C424C08873005B107146FEF /* ImageField.swift */ = {isa = PBXFileReference; fileEncoding = 4; lastKnownFileType = sourcecode.swift; path = "ImageField.swift"; sourceTree = "<group>"; };
		112D40869DD30029763F8536 /* ImageInputView.swift */ = {isa = PBXFileReference; fileEncoding = 4; lastKnownFileType = sourcecode.swift; path = "ImageInputView.swift"; sourceTree = "<group>"; };
		37A54789B0153F746D52160B /* IntegerField.swift */ = {isa = PBXFileReference; fileEncoding = 4; lastKnownFileType = sourcecode.swift; path = "IntegerField.swift"; sourceTree = "<group>"; };
		3B33408DB7B52A1B362AD913 /* LocationField.swift */ = {isa = PBXFileReference; fileEncoding = 4; lastKnownFileType = sourcecode.swift; path = "LocationField.swift"; sourceTree = "<group>"; };
		D09F488C9AF712FFDC9DB1CC /* LocationInputView.swift */ = {isa = PBXFileReference; fileEncoding = 4; lastKnownFileType = sourcecode.swift; path = "LocationInputView.swift"; sourceTree = "<group>"; };
		CB844BE3A5EF6AD3B085EDAB /* NumberFilterField.swift */ = {isa = PBXFileReference; fileEncoding = 4; lastKnownFileType = sourcecode.swift; path = "NumberFilterField.swift"; sourceTree = "<group>"; };
		834D4A198B687FDBD08B30AE /* OptionsField.swift */ = {isa = PBXFileReference; fileEncoding = 4; lastKnownFileType = sourcecode.swift; path = "OptionsField.swift"; sourceTree = "<group>"; };
		10B5474ABEF4A5A9CBD00A66 /* OptionsFilterField.swift */ = {isa = PBXFileReference; fileEncoding = 4; lastKnownFileType = sourcecode.swift; path = "OptionsFilterField.swift"; sourceTree = "<group>"; };
		CE2F40A294CA5EE83D419775 /* OptionsInputView.swift */ = {isa = PBXFileReference; fileEncoding = 4; lastKnownFileType = sourcecode.swift; path = "OptionsInputView.swift"; sourceTree = "<group>"; };
		F2674CCC93BD8188E53D0464 /* RangeInputView.swift */ = {isa = PBXFileReference; fileEncoding = 4; lastKnownFileType = sourcecode.swift; path = "RangeInputView.swift"; sourceTree = "<group>"; };
		82DB4E389C56BDF125B455E8 /* Rules.swift */ = {isa = PBXFileReference; fileEncoding = 4; lastKnownFileType = sourcecode.swift; path = "Rules.swift"; sourceTree = "<group>"; };
		E0784241BC4AFE36ABB352E0 /* StringField.swift */ = {isa = PBXFileReference; fileEncoding = 4; lastKnownFileType = sourcecode.swift; path = "StringField.swift"; sourceTree = "<group>"; };
		44954A51BC012BB6935ED429 /* StringFilterField.swift */ = {isa = PBXFileReference; fileEncoding = 4; lastKnownFileType = sourcecode.swift; path = "StringFilterField.swift"; sourceTree = "<group>"; };
		6BC04980A5663A49D144B780 /* SwitchInputView.swift */ = {isa = PBXFileReference; fileEncoding = 4; lastKnownFileType = sourcecode.swift; path = "SwitchInputView.swift"; sourceTree = "<group>"; };
		BC794A20B05FC0DBC0B6645D /* TextInputView.swift */ = {isa = PBXFileReference; fileEncoding = 4; lastKnownFileType = sourcecode.swift; path = "TextInputView.swift"; sourceTree = "<group>"; };
		0E94438C9350897AB6999D7E /* TristateField.swift */ = {isa = PBXFileReference; fileEncoding = 4; lastKnownFileType = sourcecode.swift; path = "TristateField.swift"; sourceTree = "<group>"; };
		1C9245C996946D9E79B02D61 /* TristateInputView.swift */ = {isa = PBXFileReference; fileEncoding = 4; lastKnownFileType = sourcecode.swift; path = "TristateInputView.swift"; sourceTree = "<group>"; };
		EE884BA5AD0AB8D22E885061 /* BasicCell.swift */ = {isa = PBXFileReference; fileEncoding = 4; lastKnownFileType = sourcecode.swift; path = "BasicCell.swift"; sourceTree = "<group>"; };
		51044F478C0D5856D1CF7B1A /* BasicImageCell.swift */ = {isa = PBXFileReference; fileEncoding = 4; lastKnownFileType = sourcecode.swift; path = "BasicImageCell.swift"; sourceTree = "<group>"; };
		BFD341C99385F28E579E7C06 /* DetailCell.swift */ = {isa = PBXFileReference; fileEncoding = 4; lastKnownFileType = sourcecode.swift; path = "DetailCell.swift"; sourceTree = "<group>"; };
		A7594DC7B08F0DFF9D262C63 /* DetailImageCell.swift */ = {isa = PBXFileReference; fileEncoding = 4; lastKnownFileType = sourcecode.swift; path = "DetailImageCell.swift"; sourceTree = "<group>"; };
		34384CAFA9E88B79FD062E6D /* InfoImageCell.swift */ = {isa = PBXFileReference; fileEncoding = 4; lastKnownFileType = sourcecode.swift; path = "InfoImageCell.swift"; sourceTree = "<group>"; };
		33B54E79872319344F683735 /* AppDelegate.swift */ = {isa = PBXFileReference; fileEncoding = 4; lastKnownFileType = sourcecode.swift; path = "AppDelegate.swift"; sourceTree = "<group>"; };
		4CD14BC3BAEF82749CBE1C86 /* MainNavigation.swift */ = {isa = PBXFileReference; fileEncoding = 4; lastKnownFileType = sourcecode.swift; path = "MainNavigation.swift"; sourceTree = "<group>"; };
		5D044732B248BBCF5B947F9B /* Style.swift */ = {isa = PBXFileReference; fileEncoding = 4; lastKnownFileType = sourcecode.swift; path = "Style.swift"; sourceTree = "<group>"; };
		06624EF69B0E676998914209 /* StyleConfig.swift */ = {isa = PBXFileReference; fileEncoding = 4; lastKnownFileType = sourcecode.swift; path = "StyleConfig.swift"; sourceTree = "<group>"; };
		
/* End PBXFileReference section */

/* Begin PBXFrameworksBuildPhase section */
		BB8496811D3F74820093606A /* Frameworks */ = {
			isa = PBXFrameworksBuildPhase;
			buildActionMask = 2147483647;
			files = (
			);
			runOnlyForDeploymentPostprocessing = 0;
		};
		BB8496951D3F74820093606A /* Frameworks */ = {
			isa = PBXFrameworksBuildPhase;
			buildActionMask = 2147483647;
			files = (
			);
			runOnlyForDeploymentPostprocessing = 0;
		};
		BB8496A01D3F74820093606A /* Frameworks */ = {
			isa = PBXFrameworksBuildPhase;
			buildActionMask = 2147483647;
			files = (
			);
			runOnlyForDeploymentPostprocessing = 0;
		};
/* End PBXFrameworksBuildPhase section */

/* Begin PBXGroup section */
		BB84967B1D3F74820093606A = {
			isa = PBXGroup;
			children = (
				BB8496861D3F74820093606A /* sec */,
				BB84969B1D3F74820093606A /* secTests */,
				BB8496A61D3F74820093606A /* secUITests */,
				BB8496851D3F74820093606A /* Products */,
			);
			sourceTree = "<group>";
		};
		BB8496851D3F74820093606A /* Products */ = {
			isa = PBXGroup;
			children = (
				BB8496841D3F74820093606A /* sec.app */,
				BB8496981D3F74820093606A /* secTests.xctest */,
				BB8496A31D3F74820093606A /* secUITests.xctest */,
			);
			name = Products;
			sourceTree = "<group>";
		};
		BB84969B1D3F74820093606A /* secTests */ = {
			isa = PBXGroup;
			children = (
				BB84969C1D3F74820093606A /* secTests.swift */,
				BB84969E1D3F74820093606A /* Info.plist */,
			);
			path = secTests;
			sourceTree = "<group>";
		};
		BB8496A61D3F74820093606A /* secUITests */ = {
			isa = PBXGroup;
			children = (
				BB8496A71D3F74820093606A /* secUITests.swift */,
				BB8496A91D3F74820093606A /* Info.plist */,
			);
			path = secUITests;
			sourceTree = "<group>";
		};
		
		BB8496861D3F74820093606A /* sec */ = {
			isa = PBXGroup;
			children = (
				BB84968E1D3F74820093606A /* Assets.xcassets */,
				B92C4A128A59E22BAB98D7DD /*  Core */,
				B5D747E6AC6E91FE87221320 /*  Controllers */,
				FCA840EEA4663CB10668F50E /*  Datasources */,
				FA214088A11A39CF9B4D37F6 /*  Models */,
					
				33B54E79872319344F683735 /*  AppDelegate.swift */,
				4CD14BC3BAEF82749CBE1C86 /*  MainNavigation.swift */,
				5D044732B248BBCF5B947F9B /*  Style.swift */,
				06624EF69B0E676998914209 /*  StyleConfig.swift */,
				BB8496901D3F74820093606A /* LaunchScreen.storyboard */,
				BB8496931D3F74820093606A /* Info.plist */,
				
				
			);
			path = sec;
			sourceTree = "<group>";
		};
		B92C4A128A59E22BAB98D7DD /* Core */ = {
			isa = PBXGroup;
			children = (
				E056439592939F8DD994A34D /*  Actions */,
				17EA42D9BCD02723DE91E5EC /*  Analytics */,
				632A4F308B395F6074C4B050 /*  Behaviors */,
				DA1C43D6A3F3AB2F98143149 /*  Charts */,
				E40448E5B4236D71CD3B51F1 /*  Controllers */,
				641B4E3BAF15EA9DE5714FC9 /*  Datasources */,
				34C34516822F8A029EB4DDE3 /*  Models */,
				4BF84A148D6900FD8600444B /*  Security */,
				E439428C8C580E6E4A60DA69 /*  Utils */,
				8AEF40408A760FDB20EB622A /*  Views */,
		 
			);
			path = Core;
			sourceTree = "<group>";
		};
		B5D747E6AC6E91FE87221320 /* Controllers */ = {
			isa = PBXGroup;
			children = (
				67D140048F7FB61868FADF98 /*  ClientsDetailViewController.swift */,
				09D4459D968BA7C2CE6D024D /*  ClientsFilterViewController.swift */,
				5566460D8D27E10BEA4C92D7 /*  ClientsFormViewController.swift */,
				B9734A55BDB612A61EE7CFA7 /*  ClientsViewController.swift */,
				FC9E46D0A0F23D0904960431 /*  DriversDetailViewController.swift */,
				52234F25A791B68B914BF936 /*  DriversFilterViewController.swift */,
				2631493EB87FCD7714156EC9 /*  DriversFormViewController.swift */,
				26ED4C8795B750E95692EFD9 /*  DriversViewController.swift */,
				7CA1464CA8AA6B0438049C2E /*  LogisticsViewController.swift */,
				85D84AB8B61CC30909472958 /*  MainMenuViewController.swift */,
				6C714F06B3A9B5A31528356C /*  ShipmentsDetailViewController.swift */,
				5E264F46863C25C2D48A5049 /*  ShipmentsFilterViewController.swift */,
				9C9441238D431C2CBBDCF772 /*  ShipmentsFormViewController.swift */,
				12464B53B1782F168F9C5369 /*  ShipmentsViewController.swift */,
				FCE54D8881A1DD5FA72C563D /*  VehiclesDetailViewController.swift */,
				9496456C95820FE5B940F776 /*  VehiclesFilterViewController.swift */,
				BDC941869C46B1FCD057A590 /*  VehiclesFormViewController.swift */,
				BB5C44F78CCEB5A3E703770B /*  VehiclesViewController.swift */,
		 
			);
			path = Controllers;
			sourceTree = "<group>";
		};
		FCA840EEA4663CB10668F50E /* Datasources */ = {
			isa = PBXGroup;
			children = (
				A6DC45B5BA989B4DB22615FD /*  DatasourceConfig.swift */,
				093240709D957892B0693556 /*  DatasourceManager.swift */,
		 
			);
			path = Datasources;
			sourceTree = "<group>";
		};
		FA214088A11A39CF9B4D37F6 /* Models */ = {
			isa = PBXGroup;
			children = (
				8D2A418A830717B25B46F63C /*  ClientsDSItem.swift */,
				F72E4A2EA7830D4E3F78B34F /*  DashboardDSItem.swift */,
				211645408B33FE1694D69271 /*  DriversScreen1DSItem.swift */,
				C0AF4918AA3A30EC6872F980 /*  ShipmentsDSItem.swift */,
				A2AD41019F33B9ABB5702259 /*  VehiclesDSItem.swift */,
		 
			);
			path = Models;
			sourceTree = "<group>";
		};
		E056439592939F8DD994A34D /* Actions */ = {
			isa = PBXGroup;
			children = (
				18D2489D9B056B9176F1578E /*  Action.swift */,
				072E44E5A8382207EC347311 /*  LinkAction.swift */,
				39CA4991B963FCDEEC626B38 /*  MailAction.swift */,
				08704E53A73E96D1DFF7498E /*  MapAction.swift */,
				0FE644B68168279CFD69165D /*  NavigationAction.swift */,
				1B0244FEB7F597067B194E8F /*  NavigationPushAction.swift */,
				21E045EBA8AD61BF5085AFDF /*  PhoneAction.swift */,
				B8FF4B5A9D26A6B989E47B45 /*  SlidingAction.swift */,
				B71D47F1AB8E277D570CE2C1 /*  UriAction.swift */,
		 
			);
			path = Actions;
			sourceTree = "<group>";
		};
		17EA42D9BCD02723DE91E5EC /* Analytics */ = {
			isa = PBXGroup;
			children = (
				C5EA4684A08508658D7B6EB9 /*  Analytics.swift */,
				3FDD4224AE724F44A74D432B /*  AnalyticsManager.swift */,
				CC0E4025B4FD6DCA9417581B /*  Logger.swift */,
				C0794285B46C63CE9EE29E90 /*  LoggerLevel.swift */,
		 
			);
			path = Analytics;
			sourceTree = "<group>";
		};
		632A4F308B395F6074C4B050 /* Behaviors */ = {
			isa = PBXGroup;
			children = (
				920640E4AABF504E75AEACB5 /*  Behavior.swift */,
				08E547C791210C8C693D0646 /*  CreateBehavior.swift */,
				71E14033AD6DBBFE9F20D111 /*  FilterBehavior.swift */,
				F09D4B72BA633682BA8699A4 /*  SearchBehavior.swift */,
				794E4B9DB6E7F73238628366 /*  UpdateBehavior.swift */,
				4D4A422CA4080BF9A61794D0 /*  DeleteBehavior.swift */,
				7AA84A2FA3B192F94C57D950 /*  ShareBehavior.swift */,
		 
			);
			path = Behaviors;
			sourceTree = "<group>";
		};
		DA1C43D6A3F3AB2F98143149 /* Charts */ = {
			isa = PBXGroup;
			children = (
		 
			);
			path = Charts;
			sourceTree = "<group>";
		};
		E40448E5B4236D71CD3B51F1 /* Controllers */ = {
			isa = PBXGroup;
			children = (
				D29144899DC17BE88260609B /*  CollectionViewController.swift */,
				33C9429C8E7B03063CDBE676 /*  DataSetViewController.swift */,
				7C614CD2B53C3849B7CA5456 /*  DataViewController.swift */,
				F1354DF2A56546320E73335E /*  FilterViewController.swift */,
				47F6471F889A7354CC674D08 /*  FormViewController.swift */,
				9CFF413BAB17463AF8F3352B /*  InputViewController.swift */,
				0A624DAFA7FD8AC34A688D26 /*  OptionsViewController.swift */,
				5EE746E08F140178E943302E /*  SimpleCollectionViewController.swift */,
				7F8A4E6980FAB3C01CF06A5D /*  SimpleTabBarController.swift */,
				47D54D6C917B90C514AD1B38 /*  StackViewController.swift */,
				3D8C4FA0BAFCFAA42686967C /*  TableViewController.swift */,
		 
			);
			path = Controllers;
			sourceTree = "<group>";
		};
		641B4E3BAF15EA9DE5714FC9 /* Datasources */ = {
			isa = PBXGroup;
			children = (
				D86D4BD393E54AC440A1B1CF /*  CloudDatasource.swift */,
				AB954A29B6110B66FE69AAA1 /*  CloudDatasourceFilter.swift */,
				AED84E24A222B9CD979170AB /*  Datasource.swift */,
				4BDF4D688F719320E2D2634A /*  DatasourceFilter.swift */,
				042C49FA88497495B79615AE /*  DatasourceOptions.swift */,
				038E41CBA4A17BB84FB4E031 /*  ExternalDatasource.swift */,
				14E441DB8E336357F4BF20DA /*  ExternalDatasourceFilter.swift */,
				84F541CDAB38EF68EEBAD777 /*  HttpClient.swift */,
				B7F641118AAA6E50CA4E70F9 /*  Item.swift */,
				32924A70A6E5230E924291D7 /*  LocalDatasource.swift */,
				69674D4E9F5ABE52C8550184 /*  LocalDatasourceFilter.swift */,
		 
			);
			path = Datasources;
			sourceTree = "<group>";
		};
		34C34516822F8A029EB4DDE3 /* Models */ = {
			isa = PBXGroup;
			children = (
				5DDE47A0853CE8D622585526 /*  Annotation.swift */,
				BD0243EFA81C2EC813DBA6AE /*  DateRange.swift */,
				4A5B490CA89FBED01AADC339 /*  GeoPoint.swift */,
				6952475781CD2B52217707E5 /*  MenuItem.swift */,
		 
			);
			path = Models;
			sourceTree = "<group>";
		};
		4BF84A148D6900FD8600444B /* Security */ = {
			isa = PBXGroup;
			children = (
				B4DF4DEDA4036175C662DFCD /*  BasicAuthLoginService.swift */,
				F37E479DB4A6FBAAF027D067 /*  LoginManager.swift */,
				CA904EF0BA64156735F83618 /*  LoginResponse.swift */,
				D6A548EAA0DE62518B423605 /*  LoginService.swift */,
				FF214DCDA8901327DC86D8B1 /*  LoginViewController.swift */,
				F7B44F6C986026E617A5EAA2 /*  LogoutAction.swift */,
				71D9415EA76C00DB6F0F5165 /*  LogoutBehavior.swift */,
		 
			);
			path = Security;
			sourceTree = "<group>";
		};
		E439428C8C580E6E4A60DA69 /* Utils */ = {
			isa = PBXGroup;
			children = (
				0FEF45208862F5CE9E57E84E /*  ErrorManager.swift */,
				676946B8B8AD4BA6A839461F /*  LocationManager.swift */,
				F14343DF833F320B13EA7FD0 /*  NSDate+Additions.swift */,
				08AF4E06ADA04E168CF1434D /*  NSString+Additions.swift */,
				BAF442EC9F7CC5A22902C1EA /*  String+Additions.swift */,
				37174E878347467570BD7D5A /*  UIColor+Additions.swift */,
				6F2149A994DCB004BF702C4B /*  UIFont+Additions.swift */,
				D8A347BBB69DCC1D53A941CD /*  UIImageView+Additions.swift */,
				F81E414397C20D70F43D7C45 /*  UITextField+Additions.swift */,
				8566478CA3FD4DF9B105112B /*  UIView+Additions.swift */,
				6362491F97A4A49063F55D1A /*  UIViewController+Additions.swift */,
		 
			);
			path = Utils;
			sourceTree = "<group>";
		};
		8AEF40408A760FDB20EB622A /* Views */ = {
			isa = PBXGroup;
			children = (
				7E714CB0B1A1B3C453FFB7C0 /*  CollectionViewCell */,
				6BBF4F7C9570880356C783A7 /*  Fields */,
				4C094A1985853CC6FE2ABB42 /*  TableViewCell */,
				0AD2471D94C8B11DFBF1CE7C /*  ContainerView.swift */,
		 
			);
			path = Views;
			sourceTree = "<group>";
		};
		7E714CB0B1A1B3C453FFB7C0 /* CollectionViewCell */ = {
			isa = PBXGroup;
			children = (
				BE5E495396A4091A0CFDAF73 /*  MosaicCell.swift */,
				D6E04814BA0916B620866B91 /*  PhotoCell.swift */,
		 
			);
			path = CollectionViewCell;
			sourceTree = "<group>";
		};
		6BBF4F7C9570880356C783A7 /* Fields */ = {
			isa = PBXGroup;
			children = (
				1254407981695AEEFF47E95D /*  BooleanField.swift */,
				8C164C84938451E20843783F /*  DateField.swift */,
				A8A142A9B87CBB1E81D1F73D /*  DateRangeField.swift */,
				337F481C923E2C4F51CB2118 /*  DateRangeFilterField.swift */,
				16DB44C69764F8B55E5DA9F3 /*  DateTimeField.swift */,
				12B84FBA8C22D28528F8550A /*  DecimalField.swift */,
				46384E5CA869E8EEBE3A797D /*  Field.swift */,
				7AFC4412AC5E2C6A6AC0F728 /*  FilterField.swift */,
				5C424C08873005B107146FEF /*  ImageField.swift */,
				112D40869DD30029763F8536 /*  ImageInputView.swift */,
				37A54789B0153F746D52160B /*  IntegerField.swift */,
				3B33408DB7B52A1B362AD913 /*  LocationField.swift */,
				D09F488C9AF712FFDC9DB1CC /*  LocationInputView.swift */,
				CB844BE3A5EF6AD3B085EDAB /*  NumberFilterField.swift */,
				834D4A198B687FDBD08B30AE /*  OptionsField.swift */,
				10B5474ABEF4A5A9CBD00A66 /*  OptionsFilterField.swift */,
				CE2F40A294CA5EE83D419775 /*  OptionsInputView.swift */,
				F2674CCC93BD8188E53D0464 /*  RangeInputView.swift */,
				82DB4E389C56BDF125B455E8 /*  Rules.swift */,
				E0784241BC4AFE36ABB352E0 /*  StringField.swift */,
				44954A51BC012BB6935ED429 /*  StringFilterField.swift */,
				6BC04980A5663A49D144B780 /*  SwitchInputView.swift */,
				BC794A20B05FC0DBC0B6645D /*  TextInputView.swift */,
				0E94438C9350897AB6999D7E /*  TristateField.swift */,
				1C9245C996946D9E79B02D61 /*  TristateInputView.swift */,
		 
			);
			path = Fields;
			sourceTree = "<group>";
		};
		4C094A1985853CC6FE2ABB42 /* TableViewCell */ = {
			isa = PBXGroup;
			children = (
				EE884BA5AD0AB8D22E885061 /*  BasicCell.swift */,
				51044F478C0D5856D1CF7B1A /*  BasicImageCell.swift */,
				BFD341C99385F28E579E7C06 /*  DetailCell.swift */,
				A7594DC7B08F0DFF9D262C63 /*  DetailImageCell.swift */,
				34384CAFA9E88B79FD062E6D /*  InfoImageCell.swift */,
		 
			);
			path = TableViewCell;
			sourceTree = "<group>";
		};
/* End PBXGroup section */

/* Begin PBXNativeTarget section */
		BB8496831D3F74820093606A /* sec */ = {
			isa = PBXNativeTarget;
			buildConfigurationList = BB8496AC1D3F74820093606A /* Build configuration list for PBXNativeTarget "sec" */;
			buildPhases = (
				BB8496801D3F74820093606A /* Sources */,
				BB8496811D3F74820093606A /* Frameworks */,
				BB8496821D3F74820093606A /* Resources */,
			);
			buildRules = (
			);
			dependencies = (
			);
			name = sec;
			productName = sec;
			productReference = BB8496841D3F74820093606A /* sec.app */;
			productType = "com.apple.product-type.application";
		};
		BB8496971D3F74820093606A /* secTests */ = {
			isa = PBXNativeTarget;
			buildConfigurationList = BB8496AF1D3F74820093606A /* Build configuration list for PBXNativeTarget "secTests" */;
			buildPhases = (
				BB8496941D3F74820093606A /* Sources */,
				BB8496951D3F74820093606A /* Frameworks */,
				BB8496961D3F74820093606A /* Resources */,
			);
			buildRules = (
			);
			dependencies = (
				BB84969A1D3F74820093606A /* PBXTargetDependency */,
			);
			name = secTests;
			productName = secTests;
			productReference = BB8496981D3F74820093606A /* secTests.xctest */;
			productType = "com.apple.product-type.bundle.unit-test";
		};
		BB8496A21D3F74820093606A /* secUITests */ = {
			isa = PBXNativeTarget;
			buildConfigurationList = BB8496B21D3F74820093606A /* Build configuration list for PBXNativeTarget "secUITests" */;
			buildPhases = (
				BB84969F1D3F74820093606A /* Sources */,
				BB8496A01D3F74820093606A /* Frameworks */,
				BB8496A11D3F74820093606A /* Resources */,
			);
			buildRules = (
			);
			dependencies = (
				BB8496A51D3F74820093606A /* PBXTargetDependency */,
			);
			name = secUITests;
			productName = secUITests;
			productReference = BB8496A31D3F74820093606A /* secUITests.xctest */;
			productType = "com.apple.product-type.bundle.ui-testing";
		};
/* End PBXNativeTarget section */

/* Begin PBXProject section */
		BB84967C1D3F74820093606A /* Project object */ = {
			isa = PBXProject;
			attributes = {
				LastSwiftUpdateCheck = 0730;
				LastUpgradeCheck = 0800;
				ORGANIZATIONNAME = "Icinetic S.L.";
				TargetAttributes = {
					BB8496831D3F74820093606A = {
						CreatedOnToolsVersion = 7.3.1;
						
					};
					BB8496971D3F74820093606A = {
						CreatedOnToolsVersion = 7.3.1;
						TestTargetID = BB8496831D3F74820093606A;
					};
					BB8496A21D3F74820093606A = {
						CreatedOnToolsVersion = 7.3.1;
						TestTargetID = BB8496831D3F74820093606A;
					};
				};
			};
			buildConfigurationList = BB84967F1D3F74820093606A /* Build configuration list for PBXProject "sec" */;
			compatibilityVersion = "Xcode 3.2";
			developmentRegion = English;
			hasScannedForEncodings = 0;
			knownRegions = (
				en,
				Base,
			);
			mainGroup = BB84967B1D3F74820093606A;
			productRefGroup = BB8496851D3F74820093606A /* Products */;
			projectDirPath = "";
			projectRoot = "";
			targets = (
				BB8496831D3F74820093606A /* sec */,
				BB8496971D3F74820093606A /* secTests */,
				BB8496A21D3F74820093606A /* secUITests */,
			);
		};
/* End PBXProject section */

/* Begin PBXResourcesBuildPhase section */
		BB8496821D3F74820093606A /* Resources */ = {
			isa = PBXResourcesBuildPhase;
			buildActionMask = 2147483647;
			files = (
				BB8496921D3F74820093606A /* LaunchScreen.storyboard in Resources */,
				BB84968F1D3F74820093606A /* Assets.xcassets in Resources */,
			);
			runOnlyForDeploymentPostprocessing = 0;
		};
		BB8496961D3F74820093606A /* Resources */ = {
			isa = PBXResourcesBuildPhase;
			buildActionMask = 2147483647;
			files = (
			);
			runOnlyForDeploymentPostprocessing = 0;
		};
		BB8496A11D3F74820093606A /* Resources */ = {
			isa = PBXResourcesBuildPhase;
			buildActionMask = 2147483647;
			files = (
			);
			runOnlyForDeploymentPostprocessing = 0;
		};
/* End PBXResourcesBuildPhase section */

/* Begin PBXSourcesBuildPhase section */
		BB8496801D3F74820093606A /* Sources */ = {
			isa = PBXSourcesBuildPhase;
			buildActionMask = 2147483647;
			files = (
				15A140418758D3232CE24BE9 /* ClientsDetailViewController.swift in Sources */,
				124A42FBB799D4D371994C23 /* ClientsFilterViewController.swift in Sources */,
				8ADB48A5AC7D5E471B55F00E /* ClientsFormViewController.swift in Sources */,
				A01F432DBE0EC30FB7B62589 /* ClientsViewController.swift in Sources */,
				7AA54D7BAA39688BBB8B248A /* DriversDetailViewController.swift in Sources */,
				8FB0420E8562A0740CD91321 /* DriversFilterViewController.swift in Sources */,
				4FA74C9095324C9D1E213AF5 /* DriversFormViewController.swift in Sources */,
				B1204919995B550559BE751B /* DriversViewController.swift in Sources */,
				6475467E97126A2FA7CEA111 /* LogisticsViewController.swift in Sources */,
				2BAE49AC82A96681CC4466ED /* MainMenuViewController.swift in Sources */,
				BF8F49E39BA010042BF75BF0 /* ShipmentsDetailViewController.swift in Sources */,
				007144EABD0E5BB33F5209CF /* ShipmentsFilterViewController.swift in Sources */,
				12904A8CB9BEAB15CC53968E /* ShipmentsFormViewController.swift in Sources */,
				B2484DA294EADD3810991562 /* ShipmentsViewController.swift in Sources */,
				FE7741B5A4EDAF72C959D3CF /* VehiclesDetailViewController.swift in Sources */,
				A92947CA83405AD319CBCF58 /* VehiclesFilterViewController.swift in Sources */,
				C4FD4C48AD565092FC150AF1 /* VehiclesFormViewController.swift in Sources */,
				0748401F90E66F371DFCC05F /* VehiclesViewController.swift in Sources */,
				A05C4A6E83BF95EAD7740606 /* DatasourceConfig.swift in Sources */,
				68B5477DBDF8EC82807A516D /* DatasourceManager.swift in Sources */,
				8CF64DB68842C6831DB5253F /* ClientsDSItem.swift in Sources */,
				92AA40758D3A12FFAC6E4145 /* DashboardDSItem.swift in Sources */,
				430F4AA5BD37E97C821280EE /* DriversScreen1DSItem.swift in Sources */,
				0ABE4B6183A547D0CBEB9077 /* ShipmentsDSItem.swift in Sources */,
				C0CF4CF79D78BB5F70828CA9 /* VehiclesDSItem.swift in Sources */,
				CD094579BECC2A7F7E4267AC /* Action.swift in Sources */,
				02624D6588CCDBD722F3BA19 /* LinkAction.swift in Sources */,
				877B47C3880F3ED23B20357B /* MailAction.swift in Sources */,
				63A54E9A8EA27EF5C5A91F46 /* MapAction.swift in Sources */,
				259A4C99A6575909D807FFE6 /* NavigationAction.swift in Sources */,
				4C2B4C48B055BAD7FF7F0676 /* NavigationPushAction.swift in Sources */,
				0F7A4A64A7C0041D98C258B1 /* PhoneAction.swift in Sources */,
				C0F54AB5A5D64A57A1427979 /* SlidingAction.swift in Sources */,
				F78E44D7AFA4750FD7A7B3D0 /* UriAction.swift in Sources */,
				A84D4DE18636D34EF6ED647F /* Analytics.swift in Sources */,
				246443CE9561615DD2D34AE7 /* AnalyticsManager.swift in Sources */,
				717344009A12C6A84AB78891 /* Logger.swift in Sources */,
				68724EE5B3DD006DCF662E62 /* LoggerLevel.swift in Sources */,
				17874A129A9F98C93BF7FD1F /* Behavior.swift in Sources */,
				0B9C4A75AB988BA57F3C0284 /* CreateBehavior.swift in Sources */,
				70BB4333A7C3DE75F2B8D4E3 /* FilterBehavior.swift in Sources */,
				7B0E453C8EE6001167BC5A48 /* SearchBehavior.swift in Sources */,
				016945A9A6FEB96191198C87 /* UpdateBehavior.swift in Sources */,
				F4374B51A60417E850D25AE0 /* DeleteBehavior.swift in Sources */,
				A42845ACBF7A045C2098589C /* ShareBehavior.swift in Sources */,
				167F491D883CADF2982EA437 /* CollectionViewController.swift in Sources */,
				87F34EAEBC6602EFAEB91AB5 /* DataSetViewController.swift in Sources */,
				0CF24D0AADA7A1BC14815218 /* DataViewController.swift in Sources */,
				562842B3AA94F5ACFAB629B8 /* FilterViewController.swift in Sources */,
				F1274D408EEAD6AF9FE68DF2 /* FormViewController.swift in Sources */,
				C7AF44E7809697B90D9B235D /* InputViewController.swift in Sources */,
				FE2249C6BFEF4A47597006BC /* OptionsViewController.swift in Sources */,
				A79949B293FEF191A5B0CFB7 /* SimpleCollectionViewController.swift in Sources */,
				F4BC4F0094501ACA614B6A99 /* SimpleTabBarController.swift in Sources */,
				F61E4BD3BD3007BAB2074ACA /* StackViewController.swift in Sources */,
				4FF5450CB2A65605C89FE316 /* TableViewController.swift in Sources */,
				2D164C97B85303410665E222 /* CloudDatasource.swift in Sources */,
				48F04A02818C8E51D94E76FA /* CloudDatasourceFilter.swift in Sources */,
				7DCB4DD7A83D5961941FC00F /* Datasource.swift in Sources */,
				FFE54114B5084AA18E2C1538 /* DatasourceFilter.swift in Sources */,
				9BEA4E47A03460353E99F2C5 /* DatasourceOptions.swift in Sources */,
				BD8E4AE8A873F984391A9B10 /* ExternalDatasource.swift in Sources */,
				67C24C6E853DBA13922B5ECB /* ExternalDatasourceFilter.swift in Sources */,
				1602406699EAB221CFE9278F /* HttpClient.swift in Sources */,
				55AB45C1905065574D39A1BC /* Item.swift in Sources */,
				12594E6495AAA85AA5B3611A /* LocalDatasource.swift in Sources */,
				5DB744B99022AAEF6A1AE4C2 /* LocalDatasourceFilter.swift in Sources */,
				BC2B4DD79B69E2BF51566802 /* Annotation.swift in Sources */,
				EDC34964B1EB75A50405110B /* DateRange.swift in Sources */,
				94DE4E2E9CF23B9DEEE503F8 /* GeoPoint.swift in Sources */,
				61BA4B8E94D0D7C12F8ED160 /* MenuItem.swift in Sources */,
				22254C1198028DF74F858313 /* BasicAuthLoginService.swift in Sources */,
				5B13470EBAA6C67CFC231E01 /* LoginManager.swift in Sources */,
				BCC749DBA0C69F164D7EE847 /* LoginResponse.swift in Sources */,
				9B704E4C8DF18F17779DF0A7 /* LoginService.swift in Sources */,
				C22E4413B4C7B7473265492F /* LoginViewController.swift in Sources */,
				529C4D968FDFE8412BF8F7E6 /* LogoutAction.swift in Sources */,
				94EE4AB495ADE9D4CDBEFC44 /* LogoutBehavior.swift in Sources */,
				39414517A747B08C17A8A8B7 /* ErrorManager.swift in Sources */,
				CF0D41A89D7177BFE93C554F /* LocationManager.swift in Sources */,
				9B334DEAAA65AEE563875855 /* NSDate+Additions.swift in Sources */,
				C8DB4122BCCB339B0DAE5746 /* NSString+Additions.swift in Sources */,
				E7C44C68AD629EF1B05645DE /* String+Additions.swift in Sources */,
				5A21463982193CBF1FF01137 /* UIColor+Additions.swift in Sources */,
				B7874BC79400D5A979253B85 /* UIFont+Additions.swift in Sources */,
				00F44A0788F029963EDC3F3A /* UIImageView+Additions.swift in Sources */,
				6A5848758AD6598DBF7A8789 /* UITextField+Additions.swift in Sources */,
				A7CC43529D3E210EE5CDA676 /* UIView+Additions.swift in Sources */,
				12044F74A446098811A3962A /* UIViewController+Additions.swift in Sources */,
				3F52453A8AFCF3F324737A82 /* ContainerView.swift in Sources */,
				F9ED4E9E8DEB8BAF39984240 /* MosaicCell.swift in Sources */,
				6A0D4411A8591A3201468198 /* PhotoCell.swift in Sources */,
				D0164032A967EB05481F6770 /* BooleanField.swift in Sources */,
				50D54BAAB2D4E8704381BF8E /* DateField.swift in Sources */,
				4C404F018F7F20B9F2AD680E /* DateRangeField.swift in Sources */,
				617248C6832AD531CCB62438 /* DateRangeFilterField.swift in Sources */,
				A67845068140A13CECCAAC57 /* DateTimeField.swift in Sources */,
				E95A4D71A865CDD66052AE86 /* DecimalField.swift in Sources */,
				659B474CB5A885BA8D20F332 /* Field.swift in Sources */,
				9A60495DA8F249A3F75F1E2E /* FilterField.swift in Sources */,
				C8C3475784C331BD6FAA5123 /* ImageField.swift in Sources */,
				29D2497EA23691B6C3A34845 /* ImageInputView.swift in Sources */,
				379C40BCB9EC8E9EFA4A01A8 /* IntegerField.swift in Sources */,
				5038477FAFDFEC005009E32A /* LocationField.swift in Sources */,
				B64A496D85FB29F3F3D3D964 /* LocationInputView.swift in Sources */,
				F22745A288ED8278347EE82D /* NumberFilterField.swift in Sources */,
				69F2409C881DF2D678405147 /* OptionsField.swift in Sources */,
				DE374836ACFCA6C58CF62FBD /* OptionsFilterField.swift in Sources */,
				A9BA44E29448A8E88E00F93F /* OptionsInputView.swift in Sources */,
				53984CCD80D92D80636C8715 /* RangeInputView.swift in Sources */,
				66BC44EE9C66FCF66B1A9E84 /* Rules.swift in Sources */,
				5A67476C91003FBAB273D079 /* StringField.swift in Sources */,
				03A544B88C9AAC378E3EDC87 /* StringFilterField.swift in Sources */,
				E80A456CB8317DB476BE402F /* SwitchInputView.swift in Sources */,
				43A7440FAB6D845F9CAA8473 /* TextInputView.swift in Sources */,
				6CD64C87A6F759760702CC4E /* TristateField.swift in Sources */,
				CCA346869B224D2C74EBDC4D /* TristateInputView.swift in Sources */,
				7DEB4BB09E648D2FA1F63B10 /* BasicCell.swift in Sources */,
				80EA49B28D62024B0F36BAEE /* BasicImageCell.swift in Sources */,
				EE2B47429AECB8A310DCCBAB /* DetailCell.swift in Sources */,
				A15046229E2E9F9826AF54DD /* DetailImageCell.swift in Sources */,
				F7684624BAA81545B6FE6883 /* InfoImageCell.swift in Sources */,
				097945F38D9F8A404FA414DB /* AppDelegate.swift in Sources */,
				5DD24DC0B27E9D150DAB2968 /* MainNavigation.swift in Sources */,
				C82246A788A379D3A4D71540 /* Style.swift in Sources */,
				B95142E0A3DD9C28E52BBE75 /* StyleConfig.swift in Sources */,
					
			);
			runOnlyForDeploymentPostprocessing = 0;
		};
		BB8496941D3F74820093606A /* Sources */ = {
			isa = PBXSourcesBuildPhase;
			buildActionMask = 2147483647;
			files = (
				BB84969D1D3F74820093606A /* secTests.swift in Sources */,
			);
			runOnlyForDeploymentPostprocessing = 0;
		};
		BB84969F1D3F74820093606A /* Sources */ = {
			isa = PBXSourcesBuildPhase;
			buildActionMask = 2147483647;
			files = (
				BB8496A81D3F74820093606A /* secUITests.swift in Sources */,
			);
			runOnlyForDeploymentPostprocessing = 0;
		};
/* End PBXSourcesBuildPhase section */

/* Begin PBXTargetDependency section */
		BB84969A1D3F74820093606A /* PBXTargetDependency */ = {
			isa = PBXTargetDependency;
			target = BB8496831D3F74820093606A /* sec */;
			targetProxy = BB8496991D3F74820093606A /* PBXContainerItemProxy */;
		};
		BB8496A51D3F74820093606A /* PBXTargetDependency */ = {
			isa = PBXTargetDependency;
			target = BB8496831D3F74820093606A /* sec */;
			targetProxy = BB8496A41D3F74820093606A /* PBXContainerItemProxy */;
		};
/* End PBXTargetDependency section */

/* Begin PBXVariantGroup section */
		BB8496901D3F74820093606A /* LaunchScreen.storyboard */ = {
			isa = PBXVariantGroup;
			children = (
				BB8496911D3F74820093606A /* Base */,
			);
			name = LaunchScreen.storyboard;
			sourceTree = "<group>";
		};
/* End PBXVariantGroup section */

/* Begin XCBuildConfiguration section */
		BB8496AA1D3F74820093606A /* Debug */ = {
			isa = XCBuildConfiguration;
			buildSettings = {
				ALWAYS_SEARCH_USER_PATHS = NO;
				CLANG_ANALYZER_NONNULL = YES;
				CLANG_CXX_LANGUAGE_STANDARD = "gnu++0x";
				CLANG_CXX_LIBRARY = "libc++";
				CLANG_ENABLE_MODULES = YES;
				CLANG_ENABLE_OBJC_ARC = YES;
				CLANG_WARN_BOOL_CONVERSION = YES;
				CLANG_WARN_CONSTANT_CONVERSION = YES;
				CLANG_WARN_DIRECT_OBJC_ISA_USAGE = YES_ERROR;
				CLANG_WARN_EMPTY_BODY = YES;
				CLANG_WARN_ENUM_CONVERSION = YES;
				CLANG_WARN_INFINITE_RECURSION = YES;
				CLANG_WARN_INT_CONVERSION = YES;
				CLANG_WARN_OBJC_ROOT_CLASS = YES_ERROR;
				CLANG_WARN_SUSPICIOUS_MOVE = YES;
				CLANG_WARN_UNREACHABLE_CODE = YES;
				CLANG_WARN__DUPLICATE_METHOD_MATCH = YES;
				"CODE_SIGN_IDENTITY[sdk=iphoneos*]" = "iPhone Developer";
				COPY_PHASE_STRIP = NO;
				DEBUG_INFORMATION_FORMAT = dwarf;
				ENABLE_STRICT_OBJC_MSGSEND = YES;
				ENABLE_TESTABILITY = YES;
				GCC_C_LANGUAGE_STANDARD = gnu99;
				GCC_DYNAMIC_NO_PIC = NO;
				GCC_NO_COMMON_BLOCKS = YES;
				GCC_OPTIMIZATION_LEVEL = 0;
				GCC_PREPROCESSOR_DEFINITIONS = (
					"DEBUG=1",
					"$(inherited)",
				);
				GCC_WARN_64_TO_32_BIT_CONVERSION = YES;
				GCC_WARN_ABOUT_RETURN_TYPE = YES_ERROR;
				GCC_WARN_UNDECLARED_SELECTOR = YES;
				GCC_WARN_UNINITIALIZED_AUTOS = YES_AGGRESSIVE;
				GCC_WARN_UNUSED_FUNCTION = YES;
				GCC_WARN_UNUSED_VARIABLE = YES;
				IPHONEOS_DEPLOYMENT_TARGET = 8.0;
				MTL_ENABLE_DEBUG_INFO = YES;
				ONLY_ACTIVE_ARCH = YES;
				SDKROOT = iphoneos;
				SWIFT_OPTIMIZATION_LEVEL = "-Onone";
				SWIFT_VERSION = 2.3;
				TARGETED_DEVICE_FAMILY = "1,2";
			};
			name = Debug;
		};
		BB8496AB1D3F74820093606A /* Release */ = {
			isa = XCBuildConfiguration;
			buildSettings = {
				ALWAYS_SEARCH_USER_PATHS = NO;
				CLANG_ANALYZER_NONNULL = YES;
				CLANG_CXX_LANGUAGE_STANDARD = "gnu++0x";
				CLANG_CXX_LIBRARY = "libc++";
				CLANG_ENABLE_MODULES = YES;
				CLANG_ENABLE_OBJC_ARC = YES;
				CLANG_WARN_BOOL_CONVERSION = YES;
				CLANG_WARN_CONSTANT_CONVERSION = YES;
				CLANG_WARN_DIRECT_OBJC_ISA_USAGE = YES_ERROR;
				CLANG_WARN_EMPTY_BODY = YES;
				CLANG_WARN_ENUM_CONVERSION = YES;
				CLANG_WARN_INFINITE_RECURSION = YES;
				CLANG_WARN_INT_CONVERSION = YES;
				CLANG_WARN_OBJC_ROOT_CLASS = YES_ERROR;
				CLANG_WARN_SUSPICIOUS_MOVE = YES;
				CLANG_WARN_UNREACHABLE_CODE = YES;
				CLANG_WARN__DUPLICATE_METHOD_MATCH = YES;
				"CODE_SIGN_IDENTITY[sdk=iphoneos*]" = "iPhone Distribution";
				COPY_PHASE_STRIP = NO;
				DEBUG_INFORMATION_FORMAT = "dwarf-with-dsym";
				ENABLE_NS_ASSERTIONS = NO;
				ENABLE_STRICT_OBJC_MSGSEND = YES;
				GCC_C_LANGUAGE_STANDARD = gnu99;
				GCC_NO_COMMON_BLOCKS = YES;
				GCC_OPTIMIZATION_LEVEL = 0;
				GCC_WARN_64_TO_32_BIT_CONVERSION = YES;
				GCC_WARN_ABOUT_RETURN_TYPE = YES_ERROR;
				GCC_WARN_UNDECLARED_SELECTOR = YES;
				GCC_WARN_UNINITIALIZED_AUTOS = YES_AGGRESSIVE;
				GCC_WARN_UNUSED_FUNCTION = YES;
				GCC_WARN_UNUSED_VARIABLE = YES;
				IPHONEOS_DEPLOYMENT_TARGET = 8.0;
				MTL_ENABLE_DEBUG_INFO = NO;
				SDKROOT = iphoneos;
				SWIFT_OPTIMIZATION_LEVEL = "-Owholemodule";
				SWIFT_VERSION = 2.3;
				TARGETED_DEVICE_FAMILY = "1,2";
				VALIDATE_PRODUCT = YES;
			};
			name = Release;
		};
		BB8496AD1D3F74820093606A /* Debug */ = {
			isa = XCBuildConfiguration;
			buildSettings = {
				ALWAYS_EMBED_SWIFT_STANDARD_LIBRARIES = YES;
				ASSETCATALOG_COMPILER_APPICON_NAME = AppIcon;
				
				ENABLE_BITCODE = YES;
				INFOPLIST_FILE = sec/Info.plist;
				LD_RUNPATH_SEARCH_PATHS = "$(inherited) @executable_path/Frameworks";
				OTHER_SWIFT_FLAGS = "$(inherited) -Xfrontend -debug-time-function-bodies";
				PRODUCT_BUNDLE_IDENTIFIER = com.ibm.mobileappbuilder.pkg20161111133220;
				PRODUCT_NAME = "$(TARGET_NAME)";
				SWIFT_VERSION = 2.3;
			};
			name = Debug;
		};
		BB8496AE1D3F74820093606A /* Release */ = {
			isa = XCBuildConfiguration;
			buildSettings = {
				ALWAYS_EMBED_SWIFT_STANDARD_LIBRARIES = YES;
				ASSETCATALOG_COMPILER_APPICON_NAME = AppIcon;
	
				ENABLE_BITCODE = YES;
				INFOPLIST_FILE = sec/Info.plist;
				LD_RUNPATH_SEARCH_PATHS = "$(inherited) @executable_path/Frameworks";
				OTHER_SWIFT_FLAGS = "$(inherited) -Xfrontend -debug-time-function-bodies";
				PRODUCT_BUNDLE_IDENTIFIER = com.ibm.mobileappbuilder.pkg20161111133220;
				PRODUCT_NAME = "$(TARGET_NAME)";
				SWIFT_VERSION = 2.3;
			};
			name = Release;
		};
		BB8496B01D3F74820093606A /* Debug */ = {
			isa = XCBuildConfiguration;
			buildSettings = {
				BUNDLE_LOADER = "$(TEST_HOST)";
				INFOPLIST_FILE = secTests/Info.plist;
				LD_RUNPATH_SEARCH_PATHS = "$(inherited) @executable_path/Frameworks @loader_path/Frameworks";
				PRODUCT_BUNDLE_IDENTIFIER = com.ibm.mobileappbuilder.pkg20161111133220;
				PRODUCT_NAME = "$(TARGET_NAME)";
				SWIFT_VERSION = 2.3;
				TEST_HOST = "$(BUILT_PRODUCTS_DIR)/sec.app/sec";
			};
			name = Debug;
		};
		BB8496B11D3F74820093606A /* Release */ = {
			isa = XCBuildConfiguration;
			buildSettings = {
				BUNDLE_LOADER = "$(TEST_HOST)";
				INFOPLIST_FILE = secTests/Info.plist;
				LD_RUNPATH_SEARCH_PATHS = "$(inherited) @executable_path/Frameworks @loader_path/Frameworks";
				PRODUCT_BUNDLE_IDENTIFIER = com.ibm.mobileappbuilder.pkg20161111133220;
				PRODUCT_NAME = "$(TARGET_NAME)";
				SWIFT_VERSION = 2.3;
				TEST_HOST = "$(BUILT_PRODUCTS_DIR)/sec.app/sec";
			};
			name = Release;
		};
		BB8496B31D3F74820093606A /* Debug */ = {
			isa = XCBuildConfiguration;
			buildSettings = {
				INFOPLIST_FILE = secUITests/Info.plist;
				LD_RUNPATH_SEARCH_PATHS = "$(inherited) @executable_path/Frameworks @loader_path/Frameworks";
				PRODUCT_BUNDLE_IDENTIFIER = sec.sec;
				PRODUCT_NAME = "$(TARGET_NAME)";
				SWIFT_VERSION = 2.3;
				TEST_TARGET_NAME = sec;
			};
			name = Debug;
		};
		BB8496B41D3F74820093606A /* Release */ = {
			isa = XCBuildConfiguration;
			buildSettings = {
				INFOPLIST_FILE = secUITests/Info.plist;
				LD_RUNPATH_SEARCH_PATHS = "$(inherited) @executable_path/Frameworks @loader_path/Frameworks";
				PRODUCT_BUNDLE_IDENTIFIER = com.ibm.mobileappbuilder.pkg20161111133220;
				PRODUCT_NAME = "$(TARGET_NAME)";
				SWIFT_VERSION = 2.3;
				TEST_TARGET_NAME = sec;
			};
			name = Release;
		};
/* End XCBuildConfiguration section */

/* Begin XCConfigurationList section */
		BB84967F1D3F74820093606A /* Build configuration list for PBXProject "sec" */ = {
			isa = XCConfigurationList;
			buildConfigurations = (
				BB8496AA1D3F74820093606A /* Debug */,
				BB8496AB1D3F74820093606A /* Release */,
			);
			defaultConfigurationIsVisible = 0;
			defaultConfigurationName = Release;
		};
		BB8496AC1D3F74820093606A /* Build configuration list for PBXNativeTarget "sec" */ = {
			isa = XCConfigurationList;
			buildConfigurations = (
				BB8496AD1D3F74820093606A /* Debug */,
				BB8496AE1D3F74820093606A /* Release */,
			);
			defaultConfigurationIsVisible = 0;
			defaultConfigurationName = Release;
		};
		BB8496AF1D3F74820093606A /* Build configuration list for PBXNativeTarget "secTests" */ = {
			isa = XCConfigurationList;
			buildConfigurations = (
				BB8496B01D3F74820093606A /* Debug */,
				BB8496B11D3F74820093606A /* Release */,
			);
			defaultConfigurationIsVisible = 0;
			defaultConfigurationName = Release;
		};
		BB8496B21D3F74820093606A /* Build configuration list for PBXNativeTarget "secUITests" */ = {
			isa = XCConfigurationList;
			buildConfigurations = (
				BB8496B31D3F74820093606A /* Debug */,
				BB8496B41D3F74820093606A /* Release */,
			);
			defaultConfigurationIsVisible = 0;
			defaultConfigurationName = Release;
		};
/* End XCConfigurationList section */
	};
	rootObject = BB84967C1D3F74820093606A /* Project object */;
}
